
Microsoft Visual Studio Solution File, Format Version 12.00
# Visual Studio Version 17
VisualStudioVersion = 17.2.32602.215
MinimumVisualStudioVersion = 10.0.40219.1
Project("{8BC9CEB8-8B4A-11D0-8D11-00A0C91BC942}") = "chapter7", "chapter7\chapter7.vcxproj", "{584CDA5E-CB1F-4A04-987A-2DBBE5DE3A66}"
EndProject
Project("{8BC9CEB8-8B4A-11D0-8D11-00A0C91BC942}") = "p1_calling", "p1_calling\p1_calling.vcxproj", "{EC39FC8E-AEFB-4A35-BD0F-E95C7147BF89}"
EndProject
Project("{8BC9CEB8-8B4A-11D0-8D11-00A0C91BC942}") = "p2_protos", "p2_protos\p2_protos.vcxproj", "{FF2C73E0-DC88-41AF-B59B-9EE6A9A75072}"
EndProject
Project("{8BC9CEB8-8B4A-11D0-8D11-00A0C91BC942}") = "p3_twoarg", "p3_twoarg\p3_twoarg.vcxproj", "{AF43BAE2-29F4-4B3C-B3C7-1F0F32870FB2}"
EndProject
Project("{8BC9CEB8-8B4A-11D0-8D11-00A0C91BC942}") = "p4_lotto", "p4_lotto\p4_lotto.vcxproj", "{53B27F44-3A9D-4C7C-8FA9-C0EE622E2582}"
EndProject
Project("{8BC9CEB8-8B4A-11D0-8D11-00A0C91BC942}") = "p5_arrfun1", "p5_arrfun1\p5_arrfun1.vcxproj", "{BD2E0A7D-6D1E-4E3A-B3C1-86FDFFA8C48F}"
EndProject
Project("{8BC9CEB8-8B4A-11D0-8D11-00A0C91BC942}") = "p6_arrfun2", "p6_arrfun2\p6_arrfun2.vcxproj", "{8CF408DC-290B-406B-8166-1832480399D8}"
EndProject
Project("{8BC9CEB8-8B4A-11D0-8D11-00A0C91BC942}") = "p7_arrfun3", "p7_arrfun3\p7_arrfun3.vcxproj", "{E271A56C-979D-444C-9F5D-02A1E0A57AA3}"
EndProject
Project("{8BC9CEB8-8B4A-11D0-8D11-00A0C91BC942}") = "p8_arrfunc4", "p8_arrfunc4\p8_arrfunc4.vcxproj", "{A47290E3-0B74-44A7-B4AE-9EE5EDE76D70}"
EndProject
Project("{8BC9CEB8-8B4A-11D0-8D11-00A0C91BC942}") = "p9_strgfun", "p9_strgfun\p9_strgfun.vcxproj", "{4CE0285A-E7E8-4A85-8DFC-D1ED11B79EAB}"
EndProject
Project("{8BC9CEB8-8B4A-11D0-8D11-00A0C91BC942}") = "p10_strgbacl", "p10_strgbacl\p10_strgbacl.vcxproj", "{EFF7E99B-BB1F-4FD6-9271-C2BF3E5F57AE}"
EndProject
Project("{8BC9CEB8-8B4A-11D0-8D11-00A0C91BC942}") = "p11_travel", "p11_travel\p11_travel.vcxproj", "{7A0BA3C8-25E2-4523-B77D-2B57791F7B2F}"
EndProject
Project("{8BC9CEB8-8B4A-11D0-8D11-00A0C91BC942}") = "p12_atrctfun", "p12_atrctfun\p12_atrctfun.vcxproj", "{AFF0EAEB-91F6-43CB-BEF6-61CEB9BB1EA3}"
EndProject
Project("{8BC9CEB8-8B4A-11D0-8D11-00A0C91BC942}") = "p13_strctptr", "p13_strctptr\p13_strctptr.vcxproj", "{E12014CB-12B5-4F06-B90E-EB2E4DBAF3BF}"
EndProject
Project("{8BC9CEB8-8B4A-11D0-8D11-00A0C91BC942}") = "p14_topfive", "p14_topfive\p14_topfive.vcxproj", "{39AA62B9-5B4E-42A4-A662-244AB1DD0A8D}"
EndProject
Project("{8BC9CEB8-8B4A-11D0-8D11-00A0C91BC942}") = "p15_arrobj", "p15_arrobj\p15_arrobj.vcxproj", "{B73F39CD-E92F-490A-83E9-2D933B4ACEC3}"
EndProject
Project("{8BC9CEB8-8B4A-11D0-8D11-00A0C91BC942}") = "p16_recur", "recur\recur.vcxproj", "{EB228CBC-031B-4DAD-A05F-04AA8ABD5ACF}"
EndProject
Project("{8BC9CEB8-8B4A-11D0-8D11-00A0C91BC942}") = "p17_ruler", "p17_ruler\p17_ruler.vcxproj", "{4078288D-B984-4012-88D5-C6480EAC0CD7}"
EndProject
Project("{8BC9CEB8-8B4A-11D0-8D11-00A0C91BC942}") = "p18_func_ptr", "p18_func_ptr\p18_func_ptr.vcxproj", "{7D2AD8CF-D985-4E09-BC22-D86A79114CBB}"
EndProject
Project("{8BC9CEB8-8B4A-11D0-8D11-00A0C91BC942}") = "p19_arfupt", "p19_arfupt\p19_arfupt.vcxproj", "{3F5F68C0-0F7B-4309-AB85-3C39149BC264}"
EndProject
Project("{8BC9CEB8-8B4A-11D0-8D11-00A0C91BC942}") = "test1", "test1\test1.vcxproj", "{6103422C-E843-409E-A965-6B6C9DFFD2E2}"
EndProject
Project("{8BC9CEB8-8B4A-11D0-8D11-00A0C91BC942}") = "text2", "text2\text2.vcxproj", "{CBBDA9E6-CB5C-402C-BB1C-69F59F6E9210}"
EndProject
Project("{8BC9CEB8-8B4A-11D0-8D11-00A0C91BC942}") = "text3", "text3\text3.vcxproj", "{A37803D6-274B-4A45-8ED3-B91C0C8294B9}"
EndProject
Project("{8BC9CEB8-8B4A-11D0-8D11-00A0C91BC942}") = "text4", "text4\text4.vcxproj", "{464401A9-DFDE-4EF0-832A-29123FEA4CCF}"
EndProject
Project("{8BC9CEB8-8B4A-11D0-8D11-00A0C91BC942}") = "text5", "text5\text5.vcxproj", "{53267B74-D1CD-47C0-BA3F-1339D26DFD72}"
EndProject
Project("{8BC9CEB8-8B4A-11D0-8D11-00A0C91BC942}") = "text6", "text6\text6.vcxproj", "{803C752B-770E-4A59-A9F5-23BC7281685D}"
EndProject
Project("{8BC9CEB8-8B4A-11D0-8D11-00A0C91BC942}") = "text8", "text8\text8.vcxproj", "{1DAAD213-70C3-4E92-A5F5-57F3D90AB41B}"
EndProject
Project("{8BC9CEB8-8B4A-11D0-8D11-00A0C91BC942}") = "text7", "text7\text7.vcxproj", "{20411387-0C31-4301-915D-D32714E294AB}"
EndProject
Project("{8BC9CEB8-8B4A-11D0-8D11-00A0C91BC942}") = "text8_2", "text8_2\text8_2.vcxproj", "{09DC744C-C398-4891-9388-498FAB0484B6}"
EndProject
Project("{8BC9CEB8-8B4A-11D0-8D11-00A0C91BC942}") = "text9", "text9\text9.vcxproj", "{50A12886-7127-4C9C-A9B4-7B5ED11A3281}"
EndProject
Project("{8BC9CEB8-8B4A-11D0-8D11-00A0C91BC942}") = "text10", "text10\text10.vcxproj", "{E454979D-1B8F-4ED8-B816-12330708C1AB}"
EndProject
Global
	GlobalSection(SolutionConfigurationPlatforms) = preSolution
		Debug|x64 = Debug|x64
		Debug|x86 = Debug|x86
		Release|x64 = Release|x64
		Release|x86 = Release|x86
	EndGlobalSection
	GlobalSection(ProjectConfigurationPlatforms) = postSolution
		{584CDA5E-CB1F-4A04-987A-2DBBE5DE3A66}.Debug|x64.ActiveCfg = Debug|x64
		{584CDA5E-CB1F-4A04-987A-2DBBE5DE3A66}.Debug|x64.Build.0 = Debug|x64
		{584CDA5E-CB1F-4A04-987A-2DBBE5DE3A66}.Debug|x86.ActiveCfg = Debug|Win32
		{584CDA5E-CB1F-4A04-987A-2DBBE5DE3A66}.Debug|x86.Build.0 = Debug|Win32
		{584CDA5E-CB1F-4A04-987A-2DBBE5DE3A66}.Release|x64.ActiveCfg = Release|x64
		{584CDA5E-CB1F-4A04-987A-2DBBE5DE3A66}.Release|x64.Build.0 = Release|x64
		{584CDA5E-CB1F-4A04-987A-2DBBE5DE3A66}.Release|x86.ActiveCfg = Release|Win32
		{584CDA5E-CB1F-4A04-987A-2DBBE5DE3A66}.Release|x86.Build.0 = Release|Win32
		{EC39FC8E-AEFB-4A35-BD0F-E95C7147BF89}.Debug|x64.ActiveCfg = Debug|x64
		{EC39FC8E-AEFB-4A35-BD0F-E95C7147BF89}.Debug|x64.Build.0 = Debug|x64
		{EC39FC8E-AEFB-4A35-BD0F-E95C7147BF89}.Debug|x86.ActiveCfg = Debug|Win32
		{EC39FC8E-AEFB-4A35-BD0F-E95C7147BF89}.Debug|x86.Build.0 = Debug|Win32
		{EC39FC8E-AEFB-4A35-BD0F-E95C7147BF89}.Release|x64.ActiveCfg = Release|x64
		{EC39FC8E-AEFB-4A35-BD0F-E95C7147BF89}.Release|x64.Build.0 = Release|x64
		{EC39FC8E-AEFB-4A35-BD0F-E95C7147BF89}.Release|x86.ActiveCfg = Release|Win32
		{EC39FC8E-AEFB-4A35-BD0F-E95C7147BF89}.Release|x86.Build.0 = Release|Win32
		{FF2C73E0-DC88-41AF-B59B-9EE6A9A75072}.Debug|x64.ActiveCfg = Debug|x64
		{FF2C73E0-DC88-41AF-B59B-9EE6A9A75072}.Debug|x64.Build.0 = Debug|x64
		{FF2C73E0-DC88-41AF-B59B-9EE6A9A75072}.Debug|x86.ActiveCfg = Debug|Win32
		{FF2C73E0-DC88-41AF-B59B-9EE6A9A75072}.Debug|x86.Build.0 = Debug|Win32
		{FF2C73E0-DC88-41AF-B59B-9EE6A9A75072}.Release|x64.ActiveCfg = Release|x64
		{FF2C73E0-DC88-41AF-B59B-9EE6A9A75072}.Release|x64.Build.0 = Release|x64
		{FF2C73E0-DC88-41AF-B59B-9EE6A9A75072}.Release|x86.ActiveCfg = Release|Win32
		{FF2C73E0-DC88-41AF-B59B-9EE6A9A75072}.Release|x86.Build.0 = Release|Win32
		{AF43BAE2-29F4-4B3C-B3C7-1F0F32870FB2}.Debug|x64.ActiveCfg = Debug|x64
		{AF43BAE2-29F4-4B3C-B3C7-1F0F32870FB2}.Debug|x64.Build.0 = Debug|x64
		{AF43BAE2-29F4-4B3C-B3C7-1F0F32870FB2}.Debug|x86.ActiveCfg = Debug|Win32
		{AF43BAE2-29F4-4B3C-B3C7-1F0F32870FB2}.Debug|x86.Build.0 = Debug|Win32
		{AF43BAE2-29F4-4B3C-B3C7-1F0F32870FB2}.Release|x64.ActiveCfg = Release|x64
		{AF43BAE2-29F4-4B3C-B3C7-1F0F32870FB2}.Release|x64.Build.0 = Release|x64
		{AF43BAE2-29F4-4B3C-B3C7-1F0F32870FB2}.Release|x86.ActiveCfg = Release|Win32
		{AF43BAE2-29F4-4B3C-B3C7-1F0F32870FB2}.Release|x86.Build.0 = Release|Win32
		{53B27F44-3A9D-4C7C-8FA9-C0EE622E2582}.Debug|x64.ActiveCfg = Debug|x64
		{53B27F44-3A9D-4C7C-8FA9-C0EE622E2582}.Debug|x64.Build.0 = Debug|x64
		{53B27F44-3A9D-4C7C-8FA9-C0EE622E2582}.Debug|x86.ActiveCfg = Debug|Win32
		{53B27F44-3A9D-4C7C-8FA9-C0EE622E2582}.Debug|x86.Build.0 = Debug|Win32
		{53B27F44-3A9D-4C7C-8FA9-C0EE622E2582}.Release|x64.ActiveCfg = Release|x64
		{53B27F44-3A9D-4C7C-8FA9-C0EE622E2582}.Release|x64.Build.0 = Release|x64
		{53B27F44-3A9D-4C7C-8FA9-C0EE622E2582}.Release|x86.ActiveCfg = Release|Win32
		{53B27F44-3A9D-4C7C-8FA9-C0EE622E2582}.Release|x86.Build.0 = Release|Win32
		{BD2E0A7D-6D1E-4E3A-B3C1-86FDFFA8C48F}.Debug|x64.ActiveCfg = Debug|x64
		{BD2E0A7D-6D1E-4E3A-B3C1-86FDFFA8C48F}.Debug|x64.Build.0 = Debug|x64
		{BD2E0A7D-6D1E-4E3A-B3C1-86FDFFA8C48F}.Debug|x86.ActiveCfg = Debug|Win32
		{BD2E0A7D-6D1E-4E3A-B3C1-86FDFFA8C48F}.Debug|x86.Build.0 = Debug|Win32
		{BD2E0A7D-6D1E-4E3A-B3C1-86FDFFA8C48F}.Release|x64.ActiveCfg = Release|x64
		{BD2E0A7D-6D1E-4E3A-B3C1-86FDFFA8C48F}.Release|x64.Build.0 = Release|x64
		{BD2E0A7D-6D1E-4E3A-B3C1-86FDFFA8C48F}.Release|x86.ActiveCfg = Release|Win32
		{BD2E0A7D-6D1E-4E3A-B3C1-86FDFFA8C48F}.Release|x86.Build.0 = Release|Win32
		{8CF408DC-290B-406B-8166-1832480399D8}.Debug|x64.ActiveCfg = Debug|x64
		{8CF408DC-290B-406B-8166-1832480399D8}.Debug|x64.Build.0 = Debug|x64
		{8CF408DC-290B-406B-8166-1832480399D8}.Debug|x86.ActiveCfg = Debug|Win32
		{8CF408DC-290B-406B-8166-1832480399D8}.Debug|x86.Build.0 = Debug|Win32
		{8CF408DC-290B-406B-8166-1832480399D8}.Release|x64.ActiveCfg = Release|x64
		{8CF408DC-290B-406B-8166-1832480399D8}.Release|x64.Build.0 = Release|x64
		{8CF408DC-290B-406B-8166-1832480399D8}.Release|x86.ActiveCfg = Release|Win32
		{8CF408DC-290B-406B-8166-1832480399D8}.Release|x86.Build.0 = Release|Win32
		{E271A56C-979D-444C-9F5D-02A1E0A57AA3}.Debug|x64.ActiveCfg = Debug|x64
		{E271A56C-979D-444C-9F5D-02A1E0A57AA3}.Debug|x64.Build.0 = Debug|x64
		{E271A56C-979D-444C-9F5D-02A1E0A57AA3}.Debug|x86.ActiveCfg = Debug|Win32
		{E271A56C-979D-444C-9F5D-02A1E0A57AA3}.Debug|x86.Build.0 = Debug|Win32
		{E271A56C-979D-444C-9F5D-02A1E0A57AA3}.Release|x64.ActiveCfg = Release|x64
		{E271A56C-979D-444C-9F5D-02A1E0A57AA3}.Release|x64.Build.0 = Release|x64
		{E271A56C-979D-444C-9F5D-02A1E0A57AA3}.Release|x86.ActiveCfg = Release|Win32
		{E271A56C-979D-444C-9F5D-02A1E0A57AA3}.Release|x86.Build.0 = Release|Win32
		{A47290E3-0B74-44A7-B4AE-9EE5EDE76D70}.Debug|x64.ActiveCfg = Debug|x64
		{A47290E3-0B74-44A7-B4AE-9EE5EDE76D70}.Debug|x64.Build.0 = Debug|x64
		{A47290E3-0B74-44A7-B4AE-9EE5EDE76D70}.Debug|x86.ActiveCfg = Debug|Win32
		{A47290E3-0B74-44A7-B4AE-9EE5EDE76D70}.Debug|x86.Build.0 = Debug|Win32
		{A47290E3-0B74-44A7-B4AE-9EE5EDE76D70}.Release|x64.ActiveCfg = Release|x64
		{A47290E3-0B74-44A7-B4AE-9EE5EDE76D70}.Release|x64.Build.0 = Release|x64
		{A47290E3-0B74-44A7-B4AE-9EE5EDE76D70}.Release|x86.ActiveCfg = Release|Win32
		{A47290E3-0B74-44A7-B4AE-9EE5EDE76D70}.Release|x86.Build.0 = Release|Win32
		{4CE0285A-E7E8-4A85-8DFC-D1ED11B79EAB}.Debug|x64.ActiveCfg = Debug|x64
		{4CE0285A-E7E8-4A85-8DFC-D1ED11B79EAB}.Debug|x64.Build.0 = Debug|x64
		{4CE0285A-E7E8-4A85-8DFC-D1ED11B79EAB}.Debug|x86.ActiveCfg = Debug|Win32
		{4CE0285A-E7E8-4A85-8DFC-D1ED11B79EAB}.Debug|x86.Build.0 = Debug|Win32
		{4CE0285A-E7E8-4A85-8DFC-D1ED11B79EAB}.Release|x64.ActiveCfg = Release|x64
		{4CE0285A-E7E8-4A85-8DFC-D1ED11B79EAB}.Release|x64.Build.0 = Release|x64
		{4CE0285A-E7E8-4A85-8DFC-D1ED11B79EAB}.Release|x86.ActiveCfg = Release|Win32
		{4CE0285A-E7E8-4A85-8DFC-D1ED11B79EAB}.Release|x86.Build.0 = Release|Win32
		{EFF7E99B-BB1F-4FD6-9271-C2BF3E5F57AE}.Debug|x64.ActiveCfg = Debug|x64
		{EFF7E99B-BB1F-4FD6-9271-C2BF3E5F57AE}.Debug|x64.Build.0 = Debug|x64
		{EFF7E99B-BB1F-4FD6-9271-C2BF3E5F57AE}.Debug|x86.ActiveCfg = Debug|Win32
		{EFF7E99B-BB1F-4FD6-9271-C2BF3E5F57AE}.Debug|x86.Build.0 = Debug|Win32
		{EFF7E99B-BB1F-4FD6-9271-C2BF3E5F57AE}.Release|x64.ActiveCfg = Release|x64
		{EFF7E99B-BB1F-4FD6-9271-C2BF3E5F57AE}.Release|x64.Build.0 = Release|x64
		{EFF7E99B-BB1F-4FD6-9271-C2BF3E5F57AE}.Release|x86.ActiveCfg = Release|Win32
		{EFF7E99B-BB1F-4FD6-9271-C2BF3E5F57AE}.Release|x86.Build.0 = Release|Win32
		{7A0BA3C8-25E2-4523-B77D-2B57791F7B2F}.Debug|x64.ActiveCfg = Debug|x64
		{7A0BA3C8-25E2-4523-B77D-2B57791F7B2F}.Debug|x64.Build.0 = Debug|x64
		{7A0BA3C8-25E2-4523-B77D-2B57791F7B2F}.Debug|x86.ActiveCfg = Debug|Win32
		{7A0BA3C8-25E2-4523-B77D-2B57791F7B2F}.Debug|x86.Build.0 = Debug|Win32
		{7A0BA3C8-25E2-4523-B77D-2B57791F7B2F}.Release|x64.ActiveCfg = Release|x64
		{7A0BA3C8-25E2-4523-B77D-2B57791F7B2F}.Release|x64.Build.0 = Release|x64
		{7A0BA3C8-25E2-4523-B77D-2B57791F7B2F}.Release|x86.ActiveCfg = Release|Win32
		{7A0BA3C8-25E2-4523-B77D-2B57791F7B2F}.Release|x86.Build.0 = Release|Win32
		{AFF0EAEB-91F6-43CB-BEF6-61CEB9BB1EA3}.Debug|x64.ActiveCfg = Debug|x64
		{AFF0EAEB-91F6-43CB-BEF6-61CEB9BB1EA3}.Debug|x64.Build.0 = Debug|x64
		{AFF0EAEB-91F6-43CB-BEF6-61CEB9BB1EA3}.Debug|x86.ActiveCfg = Debug|Win32
		{AFF0EAEB-91F6-43CB-BEF6-61CEB9BB1EA3}.Debug|x86.Build.0 = Debug|Win32
		{AFF0EAEB-91F6-43CB-BEF6-61CEB9BB1EA3}.Release|x64.ActiveCfg = Release|x64
		{AFF0EAEB-91F6-43CB-BEF6-61CEB9BB1EA3}.Release|x64.Build.0 = Release|x64
		{AFF0EAEB-91F6-43CB-BEF6-61CEB9BB1EA3}.Release|x86.ActiveCfg = Release|Win32
		{AFF0EAEB-91F6-43CB-BEF6-61CEB9BB1EA3}.Release|x86.Build.0 = Release|Win32
		{E12014CB-12B5-4F06-B90E-EB2E4DBAF3BF}.Debug|x64.ActiveCfg = Debug|x64
		{E12014CB-12B5-4F06-B90E-EB2E4DBAF3BF}.Debug|x64.Build.0 = Debug|x64
		{E12014CB-12B5-4F06-B90E-EB2E4DBAF3BF}.Debug|x86.ActiveCfg = Debug|Win32
		{E12014CB-12B5-4F06-B90E-EB2E4DBAF3BF}.Debug|x86.Build.0 = Debug|Win32
		{E12014CB-12B5-4F06-B90E-EB2E4DBAF3BF}.Release|x64.ActiveCfg = Release|x64
		{E12014CB-12B5-4F06-B90E-EB2E4DBAF3BF}.Release|x64.Build.0 = Release|x64
		{E12014CB-12B5-4F06-B90E-EB2E4DBAF3BF}.Release|x86.ActiveCfg = Release|Win32
		{E12014CB-12B5-4F06-B90E-EB2E4DBAF3BF}.Release|x86.Build.0 = Release|Win32
		{39AA62B9-5B4E-42A4-A662-244AB1DD0A8D}.Debug|x64.ActiveCfg = Debug|x64
		{39AA62B9-5B4E-42A4-A662-244AB1DD0A8D}.Debug|x64.Build.0 = Debug|x64
		{39AA62B9-5B4E-42A4-A662-244AB1DD0A8D}.Debug|x86.ActiveCfg = Debug|Win32
		{39AA62B9-5B4E-42A4-A662-244AB1DD0A8D}.Debug|x86.Build.0 = Debug|Win32
		{39AA62B9-5B4E-42A4-A662-244AB1DD0A8D}.Release|x64.ActiveCfg = Release|x64
		{39AA62B9-5B4E-42A4-A662-244AB1DD0A8D}.Release|x64.Build.0 = Release|x64
		{39AA62B9-5B4E-42A4-A662-244AB1DD0A8D}.Release|x86.ActiveCfg = Release|Win32
		{39AA62B9-5B4E-42A4-A662-244AB1DD0A8D}.Release|x86.Build.0 = Release|Win32
		{B73F39CD-E92F-490A-83E9-2D933B4ACEC3}.Debug|x64.ActiveCfg = Debug|x64
		{B73F39CD-E92F-490A-83E9-2D933B4ACEC3}.Debug|x64.Build.0 = Debug|x64
		{B73F39CD-E92F-490A-83E9-2D933B4ACEC3}.Debug|x86.ActiveCfg = Debug|Win32
		{B73F39CD-E92F-490A-83E9-2D933B4ACEC3}.Debug|x86.Build.0 = Debug|Win32
		{B73F39CD-E92F-490A-83E9-2D933B4ACEC3}.Release|x64.ActiveCfg = Release|x64
		{B73F39CD-E92F-490A-83E9-2D933B4ACEC3}.Release|x64.Build.0 = Release|x64
		{B73F39CD-E92F-490A-83E9-2D933B4ACEC3}.Release|x86.ActiveCfg = Release|Win32
		{B73F39CD-E92F-490A-83E9-2D933B4ACEC3}.Release|x86.Build.0 = Release|Win32
		{EB228CBC-031B-4DAD-A05F-04AA8ABD5ACF}.Debug|x64.ActiveCfg = Debug|x64
		{EB228CBC-031B-4DAD-A05F-04AA8ABD5ACF}.Debug|x64.Build.0 = Debug|x64
		{EB228CBC-031B-4DAD-A05F-04AA8ABD5ACF}.Debug|x86.ActiveCfg = Debug|Win32
		{EB228CBC-031B-4DAD-A05F-04AA8ABD5ACF}.Debug|x86.Build.0 = Debug|Win32
		{EB228CBC-031B-4DAD-A05F-04AA8ABD5ACF}.Release|x64.ActiveCfg = Release|x64
		{EB228CBC-031B-4DAD-A05F-04AA8ABD5ACF}.Release|x64.Build.0 = Release|x64
		{EB228CBC-031B-4DAD-A05F-04AA8ABD5ACF}.Release|x86.ActiveCfg = Release|Win32
		{EB228CBC-031B-4DAD-A05F-04AA8ABD5ACF}.Release|x86.Build.0 = Release|Win32
		{4078288D-B984-4012-88D5-C6480EAC0CD7}.Debug|x64.ActiveCfg = Debug|x64
		{4078288D-B984-4012-88D5-C6480EAC0CD7}.Debug|x64.Build.0 = Debug|x64
		{4078288D-B984-4012-88D5-C6480EAC0CD7}.Debug|x86.ActiveCfg = Debug|Win32
		{4078288D-B984-4012-88D5-C6480EAC0CD7}.Debug|x86.Build.0 = Debug|Win32
		{4078288D-B984-4012-88D5-C6480EAC0CD7}.Release|x64.ActiveCfg = Release|x64
		{4078288D-B984-4012-88D5-C6480EAC0CD7}.Release|x64.Build.0 = Release|x64
		{4078288D-B984-4012-88D5-C6480EAC0CD7}.Release|x86.ActiveCfg = Release|Win32
		{4078288D-B984-4012-88D5-C6480EAC0CD7}.Release|x86.Build.0 = Release|Win32
		{7D2AD8CF-D985-4E09-BC22-D86A79114CBB}.Debug|x64.ActiveCfg = Debug|x64
		{7D2AD8CF-D985-4E09-BC22-D86A79114CBB}.Debug|x64.Build.0 = Debug|x64
		{7D2AD8CF-D985-4E09-BC22-D86A79114CBB}.Debug|x86.ActiveCfg = Debug|Win32
		{7D2AD8CF-D985-4E09-BC22-D86A79114CBB}.Debug|x86.Build.0 = Debug|Win32
		{7D2AD8CF-D985-4E09-BC22-D86A79114CBB}.Release|x64.ActiveCfg = Release|x64
		{7D2AD8CF-D985-4E09-BC22-D86A79114CBB}.Release|x64.Build.0 = Release|x64
		{7D2AD8CF-D985-4E09-BC22-D86A79114CBB}.Release|x86.ActiveCfg = Release|Win32
		{7D2AD8CF-D985-4E09-BC22-D86A79114CBB}.Release|x86.Build.0 = Release|Win32
		{3F5F68C0-0F7B-4309-AB85-3C39149BC264}.Debug|x64.ActiveCfg = Debug|x64
		{3F5F68C0-0F7B-4309-AB85-3C39149BC264}.Debug|x64.Build.0 = Debug|x64
		{3F5F68C0-0F7B-4309-AB85-3C39149BC264}.Debug|x86.ActiveCfg = Debug|Win32
		{3F5F68C0-0F7B-4309-AB85-3C39149BC264}.Debug|x86.Build.0 = Debug|Win32
		{3F5F68C0-0F7B-4309-AB85-3C39149BC264}.Release|x64.ActiveCfg = Release|x64
		{3F5F68C0-0F7B-4309-AB85-3C39149BC264}.Release|x64.Build.0 = Release|x64
		{3F5F68C0-0F7B-4309-AB85-3C39149BC264}.Release|x86.ActiveCfg = Release|Win32
		{3F5F68C0-0F7B-4309-AB85-3C39149BC264}.Release|x86.Build.0 = Release|Win32
		{6103422C-E843-409E-A965-6B6C9DFFD2E2}.Debug|x64.ActiveCfg = Debug|x64
		{6103422C-E843-409E-A965-6B6C9DFFD2E2}.Debug|x64.Build.0 = Debug|x64
		{6103422C-E843-409E-A965-6B6C9DFFD2E2}.Debug|x86.ActiveCfg = Debug|Win32
		{6103422C-E843-409E-A965-6B6C9DFFD2E2}.Debug|x86.Build.0 = Debug|Win32
		{6103422C-E843-409E-A965-6B6C9DFFD2E2}.Release|x64.ActiveCfg = Release|x64
		{6103422C-E843-409E-A965-6B6C9DFFD2E2}.Release|x64.Build.0 = Release|x64
		{6103422C-E843-409E-A965-6B6C9DFFD2E2}.Release|x86.ActiveCfg = Release|Win32
		{6103422C-E843-409E-A965-6B6C9DFFD2E2}.Release|x86.Build.0 = Release|Win32
		{CBBDA9E6-CB5C-402C-BB1C-69F59F6E9210}.Debug|x64.ActiveCfg = Debug|x64
		{CBBDA9E6-CB5C-402C-BB1C-69F59F6E9210}.Debug|x64.Build.0 = Debug|x64
		{CBBDA9E6-CB5C-402C-BB1C-69F59F6E9210}.Debug|x86.ActiveCfg = Debug|Win32
		{CBBDA9E6-CB5C-402C-BB1C-69F59F6E9210}.Debug|x86.Build.0 = Debug|Win32
		{CBBDA9E6-CB5C-402C-BB1C-69F59F6E9210}.Release|x64.ActiveCfg = Release|x64
		{CBBDA9E6-CB5C-402C-BB1C-69F59F6E9210}.Release|x64.Build.0 = Release|x64
		{CBBDA9E6-CB5C-402C-BB1C-69F59F6E9210}.Release|x86.ActiveCfg = Release|Win32
		{CBBDA9E6-CB5C-402C-BB1C-69F59F6E9210}.Release|x86.Build.0 = Release|Win32
		{A37803D6-274B-4A45-8ED3-B91C0C8294B9}.Debug|x64.ActiveCfg = Debug|x64
		{A37803D6-274B-4A45-8ED3-B91C0C8294B9}.Debug|x64.Build.0 = Debug|x64
		{A37803D6-274B-4A45-8ED3-B91C0C8294B9}.Debug|x86.ActiveCfg = Debug|Win32
		{A37803D6-274B-4A45-8ED3-B91C0C8294B9}.Debug|x86.Build.0 = Debug|Win32
		{A37803D6-274B-4A45-8ED3-B91C0C8294B9}.Release|x64.ActiveCfg = Release|x64
		{A37803D6-274B-4A45-8ED3-B91C0C8294B9}.Release|x64.Build.0 = Release|x64
		{A37803D6-274B-4A45-8ED3-B91C0C8294B9}.Release|x86.ActiveCfg = Release|Win32
		{A37803D6-274B-4A45-8ED3-B91C0C8294B9}.Release|x86.Build.0 = Release|Win32
		{464401A9-DFDE-4EF0-832A-29123FEA4CCF}.Debug|x64.ActiveCfg = Debug|x64
		{464401A9-DFDE-4EF0-832A-29123FEA4CCF}.Debug|x64.Build.0 = Debug|x64
		{464401A9-DFDE-4EF0-832A-29123FEA4CCF}.Debug|x86.ActiveCfg = Debug|Win32
		{464401A9-DFDE-4EF0-832A-29123FEA4CCF}.Debug|x86.Build.0 = Debug|Win32
		{464401A9-DFDE-4EF0-832A-29123FEA4CCF}.Release|x64.ActiveCfg = Release|x64
		{464401A9-DFDE-4EF0-832A-29123FEA4CCF}.Release|x64.Build.0 = Release|x64
		{464401A9-DFDE-4EF0-832A-29123FEA4CCF}.Release|x86.ActiveCfg = Release|Win32
		{464401A9-DFDE-4EF0-832A-29123FEA4CCF}.Release|x86.Build.0 = Release|Win32
		{53267B74-D1CD-47C0-BA3F-1339D26DFD72}.Debug|x64.ActiveCfg = Debug|x64
		{53267B74-D1CD-47C0-BA3F-1339D26DFD72}.Debug|x64.Build.0 = Debug|x64
		{53267B74-D1CD-47C0-BA3F-1339D26DFD72}.Debug|x86.ActiveCfg = Debug|Win32
		{53267B74-D1CD-47C0-BA3F-1339D26DFD72}.Debug|x86.Build.0 = Debug|Win32
		{53267B74-D1CD-47C0-BA3F-1339D26DFD72}.Release|x64.ActiveCfg = Release|x64
		{53267B74-D1CD-47C0-BA3F-1339D26DFD72}.Release|x64.Build.0 = Release|x64
		{53267B74-D1CD-47C0-BA3F-1339D26DFD72}.Release|x86.ActiveCfg = Release|Win32
		{53267B74-D1CD-47C0-BA3F-1339D26DFD72}.Release|x86.Build.0 = Release|Win32
		{803C752B-770E-4A59-A9F5-23BC7281685D}.Debug|x64.ActiveCfg = Debug|x64
		{803C752B-770E-4A59-A9F5-23BC7281685D}.Debug|x64.Build.0 = Debug|x64
		{803C752B-770E-4A59-A9F5-23BC7281685D}.Debug|x86.ActiveCfg = Debug|Win32
		{803C752B-770E-4A59-A9F5-23BC7281685D}.Debug|x86.Build.0 = Debug|Win32
		{803C752B-770E-4A59-A9F5-23BC7281685D}.Release|x64.ActiveCfg = Release|x64
		{803C752B-770E-4A59-A9F5-23BC7281685D}.Release|x64.Build.0 = Release|x64
		{803C752B-770E-4A59-A9F5-23BC7281685D}.Release|x86.ActiveCfg = Release|Win32
		{803C752B-770E-4A59-A9F5-23BC7281685D}.Release|x86.Build.0 = Release|Win32
		{1DAAD213-70C3-4E92-A5F5-57F3D90AB41B}.Debug|x64.ActiveCfg = Debug|x64
		{1DAAD213-70C3-4E92-A5F5-57F3D90AB41B}.Debug|x64.Build.0 = Debug|x64
		{1DAAD213-70C3-4E92-A5F5-57F3D90AB41B}.Debug|x86.ActiveCfg = Debug|Win32
		{1DAAD213-70C3-4E92-A5F5-57F3D90AB41B}.Debug|x86.Build.0 = Debug|Win32
		{1DAAD213-70C3-4E92-A5F5-57F3D90AB41B}.Release|x64.ActiveCfg = Release|x64
		{1DAAD213-70C3-4E92-A5F5-57F3D90AB41B}.Release|x64.Build.0 = Release|x64
		{1DAAD213-70C3-4E92-A5F5-57F3D90AB41B}.Release|x86.ActiveCfg = Release|Win32
		{1DAAD213-70C3-4E92-A5F5-57F3D90AB41B}.Release|x86.Build.0 = Release|Win32
		{20411387-0C31-4301-915D-D32714E294AB}.Debug|x64.ActiveCfg = Debug|x64
		{20411387-0C31-4301-915D-D32714E294AB}.Debug|x64.Build.0 = Debug|x64
		{20411387-0C31-4301-915D-D32714E294AB}.Debug|x86.ActiveCfg = Debug|Win32
		{20411387-0C31-4301-915D-D32714E294AB}.Debug|x86.Build.0 = Debug|Win32
		{20411387-0C31-4301-915D-D32714E294AB}.Release|x64.ActiveCfg = Release|x64
		{20411387-0C31-4301-915D-D32714E294AB}.Release|x64.Build.0 = Release|x64
		{20411387-0C31-4301-915D-D32714E294AB}.Release|x86.ActiveCfg = Release|Win32
		{20411387-0C31-4301-915D-D32714E294AB}.Release|x86.Build.0 = Release|Win32
		{09DC744C-C398-4891-9388-498FAB0484B6}.Debug|x64.ActiveCfg = Debug|x64
		{09DC744C-C398-4891-9388-498FAB0484B6}.Debug|x64.Build.0 = Debug|x64
		{09DC744C-C398-4891-9388-498FAB0484B6}.Debug|x86.ActiveCfg = Debug|Win32
		{09DC744C-C398-4891-9388-498FAB0484B6}.Debug|x86.Build.0 = Debug|Win32
		{09DC744C-C398-4891-9388-498FAB0484B6}.Release|x64.ActiveCfg = Release|x64
		{09DC744C-C398-4891-9388-498FAB0484B6}.Release|x64.Build.0 = Release|x64
		{09DC744C-C398-4891-9388-498FAB0484B6}.Release|x86.ActiveCfg = Release|Win32
		{09DC744C-C398-4891-9388-498FAB0484B6}.Release|x86.Build.0 = Release|Win32
		{50A12886-7127-4C9C-A9B4-7B5ED11A3281}.Debug|x64.ActiveCfg = Debug|x64
		{50A12886-7127-4C9C-A9B4-7B5ED11A3281}.Debug|x64.Build.0 = Debug|x64
		{50A12886-7127-4C9C-A9B4-7B5ED11A3281}.Debug|x86.ActiveCfg = Debug|Win32
		{50A12886-7127-4C9C-A9B4-7B5ED11A3281}.Debug|x86.Build.0 = Debug|Win32
		{50A12886-7127-4C9C-A9B4-7B5ED11A3281}.Release|x64.ActiveCfg = Release|x64
		{50A12886-7127-4C9C-A9B4-7B5ED11A3281}.Release|x64.Build.0 = Release|x64
		{50A12886-7127-4C9C-A9B4-7B5ED11A3281}.Release|x86.ActiveCfg = Release|Win32
		{50A12886-7127-4C9C-A9B4-7B5ED11A3281}.Release|x86.Build.0 = Release|Win32
		{E454979D-1B8F-4ED8-B816-12330708C1AB}.Debug|x64.ActiveCfg = Debug|x64
		{E454979D-1B8F-4ED8-B816-12330708C1AB}.Debug|x64.Build.0 = Debug|x64
		{E454979D-1B8F-4ED8-B816-12330708C1AB}.Debug|x86.ActiveCfg = Debug|Win32
		{E454979D-1B8F-4ED8-B816-12330708C1AB}.Debug|x86.Build.0 = Debug|Win32
		{E454979D-1B8F-4ED8-B816-12330708C1AB}.Release|x64.ActiveCfg = Release|x64
		{E454979D-1B8F-4ED8-B816-12330708C1AB}.Release|x64.Build.0 = Release|x64
		{E454979D-1B8F-4ED8-B816-12330708C1AB}.Release|x86.ActiveCfg = Release|Win32
		{E454979D-1B8F-4ED8-B816-12330708C1AB}.Release|x86.Build.0 = Release|Win32
	EndGlobalSection
	GlobalSection(SolutionProperties) = preSolution
		HideSolutionNode = FALSE
	EndGlobalSection
	GlobalSection(ExtensibilityGlobals) = postSolution
		SolutionGuid = {B7C8F4C2-9291-4936-9B11-EDBC698B8C1A}
	EndGlobalSection
EndGlobal
