
Microsoft Visual Studio Solution File, Format Version 12.00
# Visual Studio Version 17
VisualStudioVersion = 17.2.32602.215
MinimumVisualStudioVersion = 10.0.40219.1
Project("{8BC9CEB8-8B4A-11D0-8D11-00A0C91BC942}") = "capter8", "capter8\capter8.vcxproj", "{2267682E-2D32-404E-A524-9ABE29E0E381}"
EndProject
Project("{8BC9CEB8-8B4A-11D0-8D11-00A0C91BC942}") = "p1_inline", "p1_inline\p1_inline.vcxproj", "{4DD28754-2093-4149-B488-DB964060C92F}"
EndProject
Project("{8BC9CEB8-8B4A-11D0-8D11-00A0C91BC942}") = "p2_firstref", "p2_firstref\p2_firstref.vcxproj", "{94338536-85D4-4C4E-971C-943231930E51}"
EndProject
Project("{8BC9CEB8-8B4A-11D0-8D11-00A0C91BC942}") = "p3_sceref", "p3_sceref\p3_sceref.vcxproj", "{469D8678-57E3-41FE-BD6C-5564BEF12628}"
EndProject
Project("{8BC9CEB8-8B4A-11D0-8D11-00A0C91BC942}") = "p4_swaps", "p4_swaps\p4_swaps.vcxproj", "{57DA1900-2EED-4B16-A939-E4CA72AA49F1}"
EndProject
Project("{8BC9CEB8-8B4A-11D0-8D11-00A0C91BC942}") = "p5_cubes", "p5_cubes\p5_cubes.vcxproj", "{8A227BD2-E32D-4C3B-8A0A-23478F00166F}"
EndProject
Project("{8BC9CEB8-8B4A-11D0-8D11-00A0C91BC942}") = "p5_1_cubes", "p5_1_cubes\p5_1_cubes.vcxproj", "{72651CF0-35B5-4881-BD3D-507E519C3E4E}"
EndProject
Project("{8BC9CEB8-8B4A-11D0-8D11-00A0C91BC942}") = "p6_strref", "p6_strref\p6_strref.vcxproj", "{28AC1A51-14B0-466D-ACFB-1E5D1B9D0E5F}"
EndProject
Project("{8BC9CEB8-8B4A-11D0-8D11-00A0C91BC942}") = "p7_strquote", "p7_strquote\p7_strquote.vcxproj", "{5E5D905E-D606-4F6D-B304-6A6314357352}"
EndProject
Project("{8BC9CEB8-8B4A-11D0-8D11-00A0C91BC942}") = "p8_filefunc", "p8_filefunc\p8_filefunc.vcxproj", "{4FC44B10-D53A-48E8-BD63-4A3FC677B0C6}"
EndProject
Project("{8BC9CEB8-8B4A-11D0-8D11-00A0C91BC942}") = "p9_left", "p9_left\p9_left.vcxproj", "{00FD894F-F3E4-490F-B069-0417C62CC612}"
EndProject
Project("{8BC9CEB8-8B4A-11D0-8D11-00A0C91BC942}") = "p10_leftover", "p10_leftover\p10_leftover.vcxproj", "{3747E52A-B76F-45B7-B580-6B689B06306A}"
EndProject
Project("{8BC9CEB8-8B4A-11D0-8D11-00A0C91BC942}") = "p11_funtemp", "p11_funtemp\p11_funtemp.vcxproj", "{B7F117B5-534D-41A3-AE59-901EF944BEC7}"
EndProject
Project("{8BC9CEB8-8B4A-11D0-8D11-00A0C91BC942}") = "p12_twotemps", "p12_twotemps\p12_twotemps.vcxproj", "{FFCA345F-4EE9-48BA-BFB8-AE6052C8561D}"
EndProject
Project("{8BC9CEB8-8B4A-11D0-8D11-00A0C91BC942}") = "p13_twoswap", "p13_twoswap\p13_twoswap.vcxproj", "{B303D3B0-83FA-407C-9AE8-84AD139C1DBC}"
EndProject
Project("{8BC9CEB8-8B4A-11D0-8D11-00A0C91BC942}") = "p14_temptempover", "p14_temptempover\p14_temptempover.vcxproj", "{7D7071D1-648F-4E35-A4D0-051BD8C97894}"
EndProject
Project("{8BC9CEB8-8B4A-11D0-8D11-00A0C91BC942}") = "p15_choices", "p15_choices\p15_choices.vcxproj", "{0BCF5568-9F79-41E7-89A0-DCCE04811CA9}"
EndProject
Project("{8BC9CEB8-8B4A-11D0-8D11-00A0C91BC942}") = "text1", "text1\text1.vcxproj", "{02650E12-9004-4D29-8C4F-F02867629667}"
EndProject
Project("{8BC9CEB8-8B4A-11D0-8D11-00A0C91BC942}") = "text2", "text2\text2.vcxproj", "{73534F89-651B-4727-B0B7-8A2A870D900A}"
EndProject
Project("{8BC9CEB8-8B4A-11D0-8D11-00A0C91BC942}") = "text3", "text3\text3.vcxproj", "{86BCF4AF-0045-4487-83F7-83BB1EFEDC0A}"
EndProject
Project("{8BC9CEB8-8B4A-11D0-8D11-00A0C91BC942}") = "text4", "text4\text4.vcxproj", "{E17485C5-750A-44A5-B81E-227D8C3F19E1}"
EndProject
Project("{8BC9CEB8-8B4A-11D0-8D11-00A0C91BC942}") = "test5", "test5\test5.vcxproj", "{FF35C011-BBFF-4EE5-9208-B167B5B1EA72}"
EndProject
Project("{8BC9CEB8-8B4A-11D0-8D11-00A0C91BC942}") = "test7", "test7\test7.vcxproj", "{E1E96E68-D5D9-4A57-AEE3-CD853A7CFC21}"
EndProject
Project("{8BC9CEB8-8B4A-11D0-8D11-00A0C91BC942}") = "test6", "test6\test6.vcxproj", "{22CB4602-904E-4BA6-8D23-325B8CE46749}"
EndProject
Global
	GlobalSection(SolutionConfigurationPlatforms) = preSolution
		Debug|x64 = Debug|x64
		Debug|x86 = Debug|x86
		Release|x64 = Release|x64
		Release|x86 = Release|x86
	EndGlobalSection
	GlobalSection(ProjectConfigurationPlatforms) = postSolution
		{2267682E-2D32-404E-A524-9ABE29E0E381}.Debug|x64.ActiveCfg = Debug|x64
		{2267682E-2D32-404E-A524-9ABE29E0E381}.Debug|x64.Build.0 = Debug|x64
		{2267682E-2D32-404E-A524-9ABE29E0E381}.Debug|x86.ActiveCfg = Debug|Win32
		{2267682E-2D32-404E-A524-9ABE29E0E381}.Debug|x86.Build.0 = Debug|Win32
		{2267682E-2D32-404E-A524-9ABE29E0E381}.Release|x64.ActiveCfg = Release|x64
		{2267682E-2D32-404E-A524-9ABE29E0E381}.Release|x64.Build.0 = Release|x64
		{2267682E-2D32-404E-A524-9ABE29E0E381}.Release|x86.ActiveCfg = Release|Win32
		{2267682E-2D32-404E-A524-9ABE29E0E381}.Release|x86.Build.0 = Release|Win32
		{4DD28754-2093-4149-B488-DB964060C92F}.Debug|x64.ActiveCfg = Debug|x64
		{4DD28754-2093-4149-B488-DB964060C92F}.Debug|x64.Build.0 = Debug|x64
		{4DD28754-2093-4149-B488-DB964060C92F}.Debug|x86.ActiveCfg = Debug|Win32
		{4DD28754-2093-4149-B488-DB964060C92F}.Debug|x86.Build.0 = Debug|Win32
		{4DD28754-2093-4149-B488-DB964060C92F}.Release|x64.ActiveCfg = Release|x64
		{4DD28754-2093-4149-B488-DB964060C92F}.Release|x64.Build.0 = Release|x64
		{4DD28754-2093-4149-B488-DB964060C92F}.Release|x86.ActiveCfg = Release|Win32
		{4DD28754-2093-4149-B488-DB964060C92F}.Release|x86.Build.0 = Release|Win32
		{94338536-85D4-4C4E-971C-943231930E51}.Debug|x64.ActiveCfg = Debug|x64
		{94338536-85D4-4C4E-971C-943231930E51}.Debug|x64.Build.0 = Debug|x64
		{94338536-85D4-4C4E-971C-943231930E51}.Debug|x86.ActiveCfg = Debug|Win32
		{94338536-85D4-4C4E-971C-943231930E51}.Debug|x86.Build.0 = Debug|Win32
		{94338536-85D4-4C4E-971C-943231930E51}.Release|x64.ActiveCfg = Release|x64
		{94338536-85D4-4C4E-971C-943231930E51}.Release|x64.Build.0 = Release|x64
		{94338536-85D4-4C4E-971C-943231930E51}.Release|x86.ActiveCfg = Release|Win32
		{94338536-85D4-4C4E-971C-943231930E51}.Release|x86.Build.0 = Release|Win32
		{469D8678-57E3-41FE-BD6C-5564BEF12628}.Debug|x64.ActiveCfg = Debug|x64
		{469D8678-57E3-41FE-BD6C-5564BEF12628}.Debug|x64.Build.0 = Debug|x64
		{469D8678-57E3-41FE-BD6C-5564BEF12628}.Debug|x86.ActiveCfg = Debug|Win32
		{469D8678-57E3-41FE-BD6C-5564BEF12628}.Debug|x86.Build.0 = Debug|Win32
		{469D8678-57E3-41FE-BD6C-5564BEF12628}.Release|x64.ActiveCfg = Release|x64
		{469D8678-57E3-41FE-BD6C-5564BEF12628}.Release|x64.Build.0 = Release|x64
		{469D8678-57E3-41FE-BD6C-5564BEF12628}.Release|x86.ActiveCfg = Release|Win32
		{469D8678-57E3-41FE-BD6C-5564BEF12628}.Release|x86.Build.0 = Release|Win32
		{57DA1900-2EED-4B16-A939-E4CA72AA49F1}.Debug|x64.ActiveCfg = Debug|x64
		{57DA1900-2EED-4B16-A939-E4CA72AA49F1}.Debug|x64.Build.0 = Debug|x64
		{57DA1900-2EED-4B16-A939-E4CA72AA49F1}.Debug|x86.ActiveCfg = Debug|Win32
		{57DA1900-2EED-4B16-A939-E4CA72AA49F1}.Debug|x86.Build.0 = Debug|Win32
		{57DA1900-2EED-4B16-A939-E4CA72AA49F1}.Release|x64.ActiveCfg = Release|x64
		{57DA1900-2EED-4B16-A939-E4CA72AA49F1}.Release|x64.Build.0 = Release|x64
		{57DA1900-2EED-4B16-A939-E4CA72AA49F1}.Release|x86.ActiveCfg = Release|Win32
		{57DA1900-2EED-4B16-A939-E4CA72AA49F1}.Release|x86.Build.0 = Release|Win32
		{8A227BD2-E32D-4C3B-8A0A-23478F00166F}.Debug|x64.ActiveCfg = Debug|x64
		{8A227BD2-E32D-4C3B-8A0A-23478F00166F}.Debug|x64.Build.0 = Debug|x64
		{8A227BD2-E32D-4C3B-8A0A-23478F00166F}.Debug|x86.ActiveCfg = Debug|Win32
		{8A227BD2-E32D-4C3B-8A0A-23478F00166F}.Debug|x86.Build.0 = Debug|Win32
		{8A227BD2-E32D-4C3B-8A0A-23478F00166F}.Release|x64.ActiveCfg = Release|x64
		{8A227BD2-E32D-4C3B-8A0A-23478F00166F}.Release|x64.Build.0 = Release|x64
		{8A227BD2-E32D-4C3B-8A0A-23478F00166F}.Release|x86.ActiveCfg = Release|Win32
		{8A227BD2-E32D-4C3B-8A0A-23478F00166F}.Release|x86.Build.0 = Release|Win32
		{72651CF0-35B5-4881-BD3D-507E519C3E4E}.Debug|x64.ActiveCfg = Debug|x64
		{72651CF0-35B5-4881-BD3D-507E519C3E4E}.Debug|x64.Build.0 = Debug|x64
		{72651CF0-35B5-4881-BD3D-507E519C3E4E}.Debug|x86.ActiveCfg = Debug|Win32
		{72651CF0-35B5-4881-BD3D-507E519C3E4E}.Debug|x86.Build.0 = Debug|Win32
		{72651CF0-35B5-4881-BD3D-507E519C3E4E}.Release|x64.ActiveCfg = Release|x64
		{72651CF0-35B5-4881-BD3D-507E519C3E4E}.Release|x64.Build.0 = Release|x64
		{72651CF0-35B5-4881-BD3D-507E519C3E4E}.Release|x86.ActiveCfg = Release|Win32
		{72651CF0-35B5-4881-BD3D-507E519C3E4E}.Release|x86.Build.0 = Release|Win32
		{28AC1A51-14B0-466D-ACFB-1E5D1B9D0E5F}.Debug|x64.ActiveCfg = Debug|x64
		{28AC1A51-14B0-466D-ACFB-1E5D1B9D0E5F}.Debug|x64.Build.0 = Debug|x64
		{28AC1A51-14B0-466D-ACFB-1E5D1B9D0E5F}.Debug|x86.ActiveCfg = Debug|Win32
		{28AC1A51-14B0-466D-ACFB-1E5D1B9D0E5F}.Debug|x86.Build.0 = Debug|Win32
		{28AC1A51-14B0-466D-ACFB-1E5D1B9D0E5F}.Release|x64.ActiveCfg = Release|x64
		{28AC1A51-14B0-466D-ACFB-1E5D1B9D0E5F}.Release|x64.Build.0 = Release|x64
		{28AC1A51-14B0-466D-ACFB-1E5D1B9D0E5F}.Release|x86.ActiveCfg = Release|Win32
		{28AC1A51-14B0-466D-ACFB-1E5D1B9D0E5F}.Release|x86.Build.0 = Release|Win32
		{5E5D905E-D606-4F6D-B304-6A6314357352}.Debug|x64.ActiveCfg = Debug|x64
		{5E5D905E-D606-4F6D-B304-6A6314357352}.Debug|x64.Build.0 = Debug|x64
		{5E5D905E-D606-4F6D-B304-6A6314357352}.Debug|x86.ActiveCfg = Debug|Win32
		{5E5D905E-D606-4F6D-B304-6A6314357352}.Debug|x86.Build.0 = Debug|Win32
		{5E5D905E-D606-4F6D-B304-6A6314357352}.Release|x64.ActiveCfg = Release|x64
		{5E5D905E-D606-4F6D-B304-6A6314357352}.Release|x64.Build.0 = Release|x64
		{5E5D905E-D606-4F6D-B304-6A6314357352}.Release|x86.ActiveCfg = Release|Win32
		{5E5D905E-D606-4F6D-B304-6A6314357352}.Release|x86.Build.0 = Release|Win32
		{4FC44B10-D53A-48E8-BD63-4A3FC677B0C6}.Debug|x64.ActiveCfg = Debug|x64
		{4FC44B10-D53A-48E8-BD63-4A3FC677B0C6}.Debug|x64.Build.0 = Debug|x64
		{4FC44B10-D53A-48E8-BD63-4A3FC677B0C6}.Debug|x86.ActiveCfg = Debug|Win32
		{4FC44B10-D53A-48E8-BD63-4A3FC677B0C6}.Debug|x86.Build.0 = Debug|Win32
		{4FC44B10-D53A-48E8-BD63-4A3FC677B0C6}.Release|x64.ActiveCfg = Release|x64
		{4FC44B10-D53A-48E8-BD63-4A3FC677B0C6}.Release|x64.Build.0 = Release|x64
		{4FC44B10-D53A-48E8-BD63-4A3FC677B0C6}.Release|x86.ActiveCfg = Release|Win32
		{4FC44B10-D53A-48E8-BD63-4A3FC677B0C6}.Release|x86.Build.0 = Release|Win32
		{00FD894F-F3E4-490F-B069-0417C62CC612}.Debug|x64.ActiveCfg = Debug|x64
		{00FD894F-F3E4-490F-B069-0417C62CC612}.Debug|x64.Build.0 = Debug|x64
		{00FD894F-F3E4-490F-B069-0417C62CC612}.Debug|x86.ActiveCfg = Debug|Win32
		{00FD894F-F3E4-490F-B069-0417C62CC612}.Debug|x86.Build.0 = Debug|Win32
		{00FD894F-F3E4-490F-B069-0417C62CC612}.Release|x64.ActiveCfg = Release|x64
		{00FD894F-F3E4-490F-B069-0417C62CC612}.Release|x64.Build.0 = Release|x64
		{00FD894F-F3E4-490F-B069-0417C62CC612}.Release|x86.ActiveCfg = Release|Win32
		{00FD894F-F3E4-490F-B069-0417C62CC612}.Release|x86.Build.0 = Release|Win32
		{3747E52A-B76F-45B7-B580-6B689B06306A}.Debug|x64.ActiveCfg = Debug|x64
		{3747E52A-B76F-45B7-B580-6B689B06306A}.Debug|x64.Build.0 = Debug|x64
		{3747E52A-B76F-45B7-B580-6B689B06306A}.Debug|x86.ActiveCfg = Debug|Win32
		{3747E52A-B76F-45B7-B580-6B689B06306A}.Debug|x86.Build.0 = Debug|Win32
		{3747E52A-B76F-45B7-B580-6B689B06306A}.Release|x64.ActiveCfg = Release|x64
		{3747E52A-B76F-45B7-B580-6B689B06306A}.Release|x64.Build.0 = Release|x64
		{3747E52A-B76F-45B7-B580-6B689B06306A}.Release|x86.ActiveCfg = Release|Win32
		{3747E52A-B76F-45B7-B580-6B689B06306A}.Release|x86.Build.0 = Release|Win32
		{B7F117B5-534D-41A3-AE59-901EF944BEC7}.Debug|x64.ActiveCfg = Debug|x64
		{B7F117B5-534D-41A3-AE59-901EF944BEC7}.Debug|x64.Build.0 = Debug|x64
		{B7F117B5-534D-41A3-AE59-901EF944BEC7}.Debug|x86.ActiveCfg = Debug|Win32
		{B7F117B5-534D-41A3-AE59-901EF944BEC7}.Debug|x86.Build.0 = Debug|Win32
		{B7F117B5-534D-41A3-AE59-901EF944BEC7}.Release|x64.ActiveCfg = Release|x64
		{B7F117B5-534D-41A3-AE59-901EF944BEC7}.Release|x64.Build.0 = Release|x64
		{B7F117B5-534D-41A3-AE59-901EF944BEC7}.Release|x86.ActiveCfg = Release|Win32
		{B7F117B5-534D-41A3-AE59-901EF944BEC7}.Release|x86.Build.0 = Release|Win32
		{FFCA345F-4EE9-48BA-BFB8-AE6052C8561D}.Debug|x64.ActiveCfg = Debug|x64
		{FFCA345F-4EE9-48BA-BFB8-AE6052C8561D}.Debug|x64.Build.0 = Debug|x64
		{FFCA345F-4EE9-48BA-BFB8-AE6052C8561D}.Debug|x86.ActiveCfg = Debug|Win32
		{FFCA345F-4EE9-48BA-BFB8-AE6052C8561D}.Debug|x86.Build.0 = Debug|Win32
		{FFCA345F-4EE9-48BA-BFB8-AE6052C8561D}.Release|x64.ActiveCfg = Release|x64
		{FFCA345F-4EE9-48BA-BFB8-AE6052C8561D}.Release|x64.Build.0 = Release|x64
		{FFCA345F-4EE9-48BA-BFB8-AE6052C8561D}.Release|x86.ActiveCfg = Release|Win32
		{FFCA345F-4EE9-48BA-BFB8-AE6052C8561D}.Release|x86.Build.0 = Release|Win32
		{B303D3B0-83FA-407C-9AE8-84AD139C1DBC}.Debug|x64.ActiveCfg = Debug|x64
		{B303D3B0-83FA-407C-9AE8-84AD139C1DBC}.Debug|x64.Build.0 = Debug|x64
		{B303D3B0-83FA-407C-9AE8-84AD139C1DBC}.Debug|x86.ActiveCfg = Debug|Win32
		{B303D3B0-83FA-407C-9AE8-84AD139C1DBC}.Debug|x86.Build.0 = Debug|Win32
		{B303D3B0-83FA-407C-9AE8-84AD139C1DBC}.Release|x64.ActiveCfg = Release|x64
		{B303D3B0-83FA-407C-9AE8-84AD139C1DBC}.Release|x64.Build.0 = Release|x64
		{B303D3B0-83FA-407C-9AE8-84AD139C1DBC}.Release|x86.ActiveCfg = Release|Win32
		{B303D3B0-83FA-407C-9AE8-84AD139C1DBC}.Release|x86.Build.0 = Release|Win32
		{7D7071D1-648F-4E35-A4D0-051BD8C97894}.Debug|x64.ActiveCfg = Debug|x64
		{7D7071D1-648F-4E35-A4D0-051BD8C97894}.Debug|x64.Build.0 = Debug|x64
		{7D7071D1-648F-4E35-A4D0-051BD8C97894}.Debug|x86.ActiveCfg = Debug|Win32
		{7D7071D1-648F-4E35-A4D0-051BD8C97894}.Debug|x86.Build.0 = Debug|Win32
		{7D7071D1-648F-4E35-A4D0-051BD8C97894}.Release|x64.ActiveCfg = Release|x64
		{7D7071D1-648F-4E35-A4D0-051BD8C97894}.Release|x64.Build.0 = Release|x64
		{7D7071D1-648F-4E35-A4D0-051BD8C97894}.Release|x86.ActiveCfg = Release|Win32
		{7D7071D1-648F-4E35-A4D0-051BD8C97894}.Release|x86.Build.0 = Release|Win32
		{0BCF5568-9F79-41E7-89A0-DCCE04811CA9}.Debug|x64.ActiveCfg = Debug|x64
		{0BCF5568-9F79-41E7-89A0-DCCE04811CA9}.Debug|x64.Build.0 = Debug|x64
		{0BCF5568-9F79-41E7-89A0-DCCE04811CA9}.Debug|x86.ActiveCfg = Debug|Win32
		{0BCF5568-9F79-41E7-89A0-DCCE04811CA9}.Debug|x86.Build.0 = Debug|Win32
		{0BCF5568-9F79-41E7-89A0-DCCE04811CA9}.Release|x64.ActiveCfg = Release|x64
		{0BCF5568-9F79-41E7-89A0-DCCE04811CA9}.Release|x64.Build.0 = Release|x64
		{0BCF5568-9F79-41E7-89A0-DCCE04811CA9}.Release|x86.ActiveCfg = Release|Win32
		{0BCF5568-9F79-41E7-89A0-DCCE04811CA9}.Release|x86.Build.0 = Release|Win32
		{02650E12-9004-4D29-8C4F-F02867629667}.Debug|x64.ActiveCfg = Debug|x64
		{02650E12-9004-4D29-8C4F-F02867629667}.Debug|x64.Build.0 = Debug|x64
		{02650E12-9004-4D29-8C4F-F02867629667}.Debug|x86.ActiveCfg = Debug|Win32
		{02650E12-9004-4D29-8C4F-F02867629667}.Debug|x86.Build.0 = Debug|Win32
		{02650E12-9004-4D29-8C4F-F02867629667}.Release|x64.ActiveCfg = Release|x64
		{02650E12-9004-4D29-8C4F-F02867629667}.Release|x64.Build.0 = Release|x64
		{02650E12-9004-4D29-8C4F-F02867629667}.Release|x86.ActiveCfg = Release|Win32
		{02650E12-9004-4D29-8C4F-F02867629667}.Release|x86.Build.0 = Release|Win32
		{73534F89-651B-4727-B0B7-8A2A870D900A}.Debug|x64.ActiveCfg = Debug|x64
		{73534F89-651B-4727-B0B7-8A2A870D900A}.Debug|x64.Build.0 = Debug|x64
		{73534F89-651B-4727-B0B7-8A2A870D900A}.Debug|x86.ActiveCfg = Debug|Win32
		{73534F89-651B-4727-B0B7-8A2A870D900A}.Debug|x86.Build.0 = Debug|Win32
		{73534F89-651B-4727-B0B7-8A2A870D900A}.Release|x64.ActiveCfg = Release|x64
		{73534F89-651B-4727-B0B7-8A2A870D900A}.Release|x64.Build.0 = Release|x64
		{73534F89-651B-4727-B0B7-8A2A870D900A}.Release|x86.ActiveCfg = Release|Win32
		{73534F89-651B-4727-B0B7-8A2A870D900A}.Release|x86.Build.0 = Release|Win32
		{86BCF4AF-0045-4487-83F7-83BB1EFEDC0A}.Debug|x64.ActiveCfg = Debug|x64
		{86BCF4AF-0045-4487-83F7-83BB1EFEDC0A}.Debug|x64.Build.0 = Debug|x64
		{86BCF4AF-0045-4487-83F7-83BB1EFEDC0A}.Debug|x86.ActiveCfg = Debug|Win32
		{86BCF4AF-0045-4487-83F7-83BB1EFEDC0A}.Debug|x86.Build.0 = Debug|Win32
		{86BCF4AF-0045-4487-83F7-83BB1EFEDC0A}.Release|x64.ActiveCfg = Release|x64
		{86BCF4AF-0045-4487-83F7-83BB1EFEDC0A}.Release|x64.Build.0 = Release|x64
		{86BCF4AF-0045-4487-83F7-83BB1EFEDC0A}.Release|x86.ActiveCfg = Release|Win32
		{86BCF4AF-0045-4487-83F7-83BB1EFEDC0A}.Release|x86.Build.0 = Release|Win32
		{E17485C5-750A-44A5-B81E-227D8C3F19E1}.Debug|x64.ActiveCfg = Debug|x64
		{E17485C5-750A-44A5-B81E-227D8C3F19E1}.Debug|x64.Build.0 = Debug|x64
		{E17485C5-750A-44A5-B81E-227D8C3F19E1}.Debug|x86.ActiveCfg = Debug|Win32
		{E17485C5-750A-44A5-B81E-227D8C3F19E1}.Debug|x86.Build.0 = Debug|Win32
		{E17485C5-750A-44A5-B81E-227D8C3F19E1}.Release|x64.ActiveCfg = Release|x64
		{E17485C5-750A-44A5-B81E-227D8C3F19E1}.Release|x64.Build.0 = Release|x64
		{E17485C5-750A-44A5-B81E-227D8C3F19E1}.Release|x86.ActiveCfg = Release|Win32
		{E17485C5-750A-44A5-B81E-227D8C3F19E1}.Release|x86.Build.0 = Release|Win32
		{FF35C011-BBFF-4EE5-9208-B167B5B1EA72}.Debug|x64.ActiveCfg = Debug|x64
		{FF35C011-BBFF-4EE5-9208-B167B5B1EA72}.Debug|x64.Build.0 = Debug|x64
		{FF35C011-BBFF-4EE5-9208-B167B5B1EA72}.Debug|x86.ActiveCfg = Debug|Win32
		{FF35C011-BBFF-4EE5-9208-B167B5B1EA72}.Debug|x86.Build.0 = Debug|Win32
		{FF35C011-BBFF-4EE5-9208-B167B5B1EA72}.Release|x64.ActiveCfg = Release|x64
		{FF35C011-BBFF-4EE5-9208-B167B5B1EA72}.Release|x64.Build.0 = Release|x64
		{FF35C011-BBFF-4EE5-9208-B167B5B1EA72}.Release|x86.ActiveCfg = Release|Win32
		{FF35C011-BBFF-4EE5-9208-B167B5B1EA72}.Release|x86.Build.0 = Release|Win32
		{E1E96E68-D5D9-4A57-AEE3-CD853A7CFC21}.Debug|x64.ActiveCfg = Debug|x64
		{E1E96E68-D5D9-4A57-AEE3-CD853A7CFC21}.Debug|x64.Build.0 = Debug|x64
		{E1E96E68-D5D9-4A57-AEE3-CD853A7CFC21}.Debug|x86.ActiveCfg = Debug|Win32
		{E1E96E68-D5D9-4A57-AEE3-CD853A7CFC21}.Debug|x86.Build.0 = Debug|Win32
		{E1E96E68-D5D9-4A57-AEE3-CD853A7CFC21}.Release|x64.ActiveCfg = Release|x64
		{E1E96E68-D5D9-4A57-AEE3-CD853A7CFC21}.Release|x64.Build.0 = Release|x64
		{E1E96E68-D5D9-4A57-AEE3-CD853A7CFC21}.Release|x86.ActiveCfg = Release|Win32
		{E1E96E68-D5D9-4A57-AEE3-CD853A7CFC21}.Release|x86.Build.0 = Release|Win32
		{22CB4602-904E-4BA6-8D23-325B8CE46749}.Debug|x64.ActiveCfg = Debug|x64
		{22CB4602-904E-4BA6-8D23-325B8CE46749}.Debug|x64.Build.0 = Debug|x64
		{22CB4602-904E-4BA6-8D23-325B8CE46749}.Debug|x86.ActiveCfg = Debug|Win32
		{22CB4602-904E-4BA6-8D23-325B8CE46749}.Debug|x86.Build.0 = Debug|Win32
		{22CB4602-904E-4BA6-8D23-325B8CE46749}.Release|x64.ActiveCfg = Release|x64
		{22CB4602-904E-4BA6-8D23-325B8CE46749}.Release|x64.Build.0 = Release|x64
		{22CB4602-904E-4BA6-8D23-325B8CE46749}.Release|x86.ActiveCfg = Release|Win32
		{22CB4602-904E-4BA6-8D23-325B8CE46749}.Release|x86.Build.0 = Release|Win32
	EndGlobalSection
	GlobalSection(SolutionProperties) = preSolution
		HideSolutionNode = FALSE
	EndGlobalSection
	GlobalSection(ExtensibilityGlobals) = postSolution
		SolutionGuid = {4BF2493C-1486-41C1-9E3E-7AC6B27038BE}
	EndGlobalSection
EndGlobal
