
Microsoft Visual Studio Solution File, Format Version 12.00
# Visual Studio Version 17
VisualStudioVersion = 17.2.32602.215
MinimumVisualStudioVersion = 10.0.40219.1
Project("{8BC9CEB8-8B4A-11D0-8D11-00A0C91BC942}") = "if", "if\if.vcxproj", "{14138289-6069-4ABA-97C7-C7ADA299DE9E}"
EndProject
Project("{8BC9CEB8-8B4A-11D0-8D11-00A0C91BC942}") = "ifelse", "ifelse\ifelse.vcxproj", "{230925B7-4CCA-4F91-92AA-C7700E98EDF8}"
EndProject
Project("{8BC9CEB8-8B4A-11D0-8D11-00A0C91BC942}") = "ifelseif", "ifelseif\ifelseif.vcxproj", "{F7C1EFE1-7E48-47C8-B132-811B42B06E7D}"
EndProject
Project("{8BC9CEB8-8B4A-11D0-8D11-00A0C91BC942}") = "or", "or\or.vcxproj", "{9945F332-6E32-4DA7-88EA-D3ABDAB71928}"
EndProject
Project("{8BC9CEB8-8B4A-11D0-8D11-00A0C91BC942}") = "and", "and\and.vcxproj", "{43A3BAE2-B137-4BE2-B07F-861EFFB4D775}"
EndProject
Project("{8BC9CEB8-8B4A-11D0-8D11-00A0C91BC942}") = "more_and", "more_and\more_and.vcxproj", "{5A2E3A92-3E51-4A72-B413-3C5A7806BAA8}"
EndProject
Project("{8BC9CEB8-8B4A-11D0-8D11-00A0C91BC942}") = "not", "not\not.vcxproj", "{93541050-BCF4-4DBE-BDD1-AB3B284278C0}"
EndProject
Project("{8BC9CEB8-8B4A-11D0-8D11-00A0C91BC942}") = "cctype", "cctype\cctype.vcxproj", "{6853D5CE-2D48-4695-A226-B6465B90E4EB}"
EndProject
Project("{8BC9CEB8-8B4A-11D0-8D11-00A0C91BC942}") = "condit", "condit\condit.vcxproj", "{C138A514-648F-4A21-995D-E7F0BFCD14B5}"
EndProject
Project("{8BC9CEB8-8B4A-11D0-8D11-00A0C91BC942}") = "switch", "switch\switch.vcxproj", "{7CB7B6EC-CD91-4817-9451-2A146988609A}"
EndProject
Project("{8BC9CEB8-8B4A-11D0-8D11-00A0C91BC942}") = "emum", "emum\emum.vcxproj", "{5A751AE7-716D-49FB-B967-D2D9325B6430}"
EndProject
Project("{8BC9CEB8-8B4A-11D0-8D11-00A0C91BC942}") = "jump", "jump\jump.vcxproj", "{D1742B4F-86E0-417F-BDF2-BE567EC778C7}"
EndProject
Project("{8BC9CEB8-8B4A-11D0-8D11-00A0C91BC942}") = "cinfish", "cinfish\cinfish.vcxproj", "{D4F1332D-A37D-4B4B-9F8A-458885D5DCAD}"
EndProject
Project("{8BC9CEB8-8B4A-11D0-8D11-00A0C91BC942}") = "cingolf", "cingoif\cingoif.vcxproj", "{F9D9673B-ADF2-4A11-8AC8-165FEA20623C}"
EndProject
Project("{8BC9CEB8-8B4A-11D0-8D11-00A0C91BC942}") = "outfile", "outfile\outfile.vcxproj", "{51728C95-B73E-479A-B00E-E34F322C0BDC}"
EndProject
Project("{8BC9CEB8-8B4A-11D0-8D11-00A0C91BC942}") = "sumafile", "sumafile\sumafile.vcxproj", "{1F442C71-49F4-4360-A6F3-D64C79E7B7E5}"
EndProject
Project("{8BC9CEB8-8B4A-11D0-8D11-00A0C91BC942}") = "prog1", "prog1\prog1.vcxproj", "{F21039EE-3B6D-4BD8-A1FF-3FD8FCEDB2F4}"
EndProject
Project("{8BC9CEB8-8B4A-11D0-8D11-00A0C91BC942}") = "prog2", "prog2\prog2.vcxproj", "{0CD9DBA2-33B8-49E3-AEF3-59AC6DDD4469}"
EndProject
Project("{8BC9CEB8-8B4A-11D0-8D11-00A0C91BC942}") = "prog3", "prog3\prog3.vcxproj", "{F17B048A-46A2-4DCF-9098-DFC279920E9B}"
EndProject
Project("{8BC9CEB8-8B4A-11D0-8D11-00A0C91BC942}") = "prog4", "prog4\prog4.vcxproj", "{72786546-B10A-41D0-8AE6-3EA17C0755A1}"
EndProject
Project("{8BC9CEB8-8B4A-11D0-8D11-00A0C91BC942}") = "prog5", "prog5\prog5.vcxproj", "{AAB6029E-1F5D-4687-9A05-6CF0E4618B35}"
EndProject
Project("{8BC9CEB8-8B4A-11D0-8D11-00A0C91BC942}") = "prog6", "prog6\prog6.vcxproj", "{C256237E-F098-47B8-9BEB-7C43A8D75989}"
EndProject
Project("{8BC9CEB8-8B4A-11D0-8D11-00A0C91BC942}") = "prog7", "prog7\prog7.vcxproj", "{AB6BC431-40F5-4B70-9BA0-96C8BA541DDD}"
EndProject
Project("{8BC9CEB8-8B4A-11D0-8D11-00A0C91BC942}") = "prog8", "prog8\prog8.vcxproj", "{BE49E35E-645A-4234-8180-C5D55F5CB63B}"
EndProject
Project("{8BC9CEB8-8B4A-11D0-8D11-00A0C91BC942}") = "prog9", "prog9\prog9.vcxproj", "{4669986A-CBA4-47A9-89FC-8B7639645FE4}"
EndProject
Global
	GlobalSection(SolutionConfigurationPlatforms) = preSolution
		Debug|x64 = Debug|x64
		Debug|x86 = Debug|x86
		Release|x64 = Release|x64
		Release|x86 = Release|x86
	EndGlobalSection
	GlobalSection(ProjectConfigurationPlatforms) = postSolution
		{14138289-6069-4ABA-97C7-C7ADA299DE9E}.Debug|x64.ActiveCfg = Debug|x64
		{14138289-6069-4ABA-97C7-C7ADA299DE9E}.Debug|x64.Build.0 = Debug|x64
		{14138289-6069-4ABA-97C7-C7ADA299DE9E}.Debug|x86.ActiveCfg = Debug|Win32
		{14138289-6069-4ABA-97C7-C7ADA299DE9E}.Debug|x86.Build.0 = Debug|Win32
		{14138289-6069-4ABA-97C7-C7ADA299DE9E}.Release|x64.ActiveCfg = Release|x64
		{14138289-6069-4ABA-97C7-C7ADA299DE9E}.Release|x64.Build.0 = Release|x64
		{14138289-6069-4ABA-97C7-C7ADA299DE9E}.Release|x86.ActiveCfg = Release|Win32
		{14138289-6069-4ABA-97C7-C7ADA299DE9E}.Release|x86.Build.0 = Release|Win32
		{230925B7-4CCA-4F91-92AA-C7700E98EDF8}.Debug|x64.ActiveCfg = Debug|x64
		{230925B7-4CCA-4F91-92AA-C7700E98EDF8}.Debug|x64.Build.0 = Debug|x64
		{230925B7-4CCA-4F91-92AA-C7700E98EDF8}.Debug|x86.ActiveCfg = Debug|Win32
		{230925B7-4CCA-4F91-92AA-C7700E98EDF8}.Debug|x86.Build.0 = Debug|Win32
		{230925B7-4CCA-4F91-92AA-C7700E98EDF8}.Release|x64.ActiveCfg = Release|x64
		{230925B7-4CCA-4F91-92AA-C7700E98EDF8}.Release|x64.Build.0 = Release|x64
		{230925B7-4CCA-4F91-92AA-C7700E98EDF8}.Release|x86.ActiveCfg = Release|Win32
		{230925B7-4CCA-4F91-92AA-C7700E98EDF8}.Release|x86.Build.0 = Release|Win32
		{F7C1EFE1-7E48-47C8-B132-811B42B06E7D}.Debug|x64.ActiveCfg = Debug|x64
		{F7C1EFE1-7E48-47C8-B132-811B42B06E7D}.Debug|x64.Build.0 = Debug|x64
		{F7C1EFE1-7E48-47C8-B132-811B42B06E7D}.Debug|x86.ActiveCfg = Debug|Win32
		{F7C1EFE1-7E48-47C8-B132-811B42B06E7D}.Debug|x86.Build.0 = Debug|Win32
		{F7C1EFE1-7E48-47C8-B132-811B42B06E7D}.Release|x64.ActiveCfg = Release|x64
		{F7C1EFE1-7E48-47C8-B132-811B42B06E7D}.Release|x64.Build.0 = Release|x64
		{F7C1EFE1-7E48-47C8-B132-811B42B06E7D}.Release|x86.ActiveCfg = Release|Win32
		{F7C1EFE1-7E48-47C8-B132-811B42B06E7D}.Release|x86.Build.0 = Release|Win32
		{9945F332-6E32-4DA7-88EA-D3ABDAB71928}.Debug|x64.ActiveCfg = Debug|x64
		{9945F332-6E32-4DA7-88EA-D3ABDAB71928}.Debug|x64.Build.0 = Debug|x64
		{9945F332-6E32-4DA7-88EA-D3ABDAB71928}.Debug|x86.ActiveCfg = Debug|Win32
		{9945F332-6E32-4DA7-88EA-D3ABDAB71928}.Debug|x86.Build.0 = Debug|Win32
		{9945F332-6E32-4DA7-88EA-D3ABDAB71928}.Release|x64.ActiveCfg = Release|x64
		{9945F332-6E32-4DA7-88EA-D3ABDAB71928}.Release|x64.Build.0 = Release|x64
		{9945F332-6E32-4DA7-88EA-D3ABDAB71928}.Release|x86.ActiveCfg = Release|Win32
		{9945F332-6E32-4DA7-88EA-D3ABDAB71928}.Release|x86.Build.0 = Release|Win32
		{43A3BAE2-B137-4BE2-B07F-861EFFB4D775}.Debug|x64.ActiveCfg = Debug|x64
		{43A3BAE2-B137-4BE2-B07F-861EFFB4D775}.Debug|x64.Build.0 = Debug|x64
		{43A3BAE2-B137-4BE2-B07F-861EFFB4D775}.Debug|x86.ActiveCfg = Debug|Win32
		{43A3BAE2-B137-4BE2-B07F-861EFFB4D775}.Debug|x86.Build.0 = Debug|Win32
		{43A3BAE2-B137-4BE2-B07F-861EFFB4D775}.Release|x64.ActiveCfg = Release|x64
		{43A3BAE2-B137-4BE2-B07F-861EFFB4D775}.Release|x64.Build.0 = Release|x64
		{43A3BAE2-B137-4BE2-B07F-861EFFB4D775}.Release|x86.ActiveCfg = Release|Win32
		{43A3BAE2-B137-4BE2-B07F-861EFFB4D775}.Release|x86.Build.0 = Release|Win32
		{5A2E3A92-3E51-4A72-B413-3C5A7806BAA8}.Debug|x64.ActiveCfg = Debug|x64
		{5A2E3A92-3E51-4A72-B413-3C5A7806BAA8}.Debug|x64.Build.0 = Debug|x64
		{5A2E3A92-3E51-4A72-B413-3C5A7806BAA8}.Debug|x86.ActiveCfg = Debug|Win32
		{5A2E3A92-3E51-4A72-B413-3C5A7806BAA8}.Debug|x86.Build.0 = Debug|Win32
		{5A2E3A92-3E51-4A72-B413-3C5A7806BAA8}.Release|x64.ActiveCfg = Release|x64
		{5A2E3A92-3E51-4A72-B413-3C5A7806BAA8}.Release|x64.Build.0 = Release|x64
		{5A2E3A92-3E51-4A72-B413-3C5A7806BAA8}.Release|x86.ActiveCfg = Release|Win32
		{5A2E3A92-3E51-4A72-B413-3C5A7806BAA8}.Release|x86.Build.0 = Release|Win32
		{93541050-BCF4-4DBE-BDD1-AB3B284278C0}.Debug|x64.ActiveCfg = Debug|x64
		{93541050-BCF4-4DBE-BDD1-AB3B284278C0}.Debug|x64.Build.0 = Debug|x64
		{93541050-BCF4-4DBE-BDD1-AB3B284278C0}.Debug|x86.ActiveCfg = Debug|Win32
		{93541050-BCF4-4DBE-BDD1-AB3B284278C0}.Debug|x86.Build.0 = Debug|Win32
		{93541050-BCF4-4DBE-BDD1-AB3B284278C0}.Release|x64.ActiveCfg = Release|x64
		{93541050-BCF4-4DBE-BDD1-AB3B284278C0}.Release|x64.Build.0 = Release|x64
		{93541050-BCF4-4DBE-BDD1-AB3B284278C0}.Release|x86.ActiveCfg = Release|Win32
		{93541050-BCF4-4DBE-BDD1-AB3B284278C0}.Release|x86.Build.0 = Release|Win32
		{6853D5CE-2D48-4695-A226-B6465B90E4EB}.Debug|x64.ActiveCfg = Debug|x64
		{6853D5CE-2D48-4695-A226-B6465B90E4EB}.Debug|x64.Build.0 = Debug|x64
		{6853D5CE-2D48-4695-A226-B6465B90E4EB}.Debug|x86.ActiveCfg = Debug|Win32
		{6853D5CE-2D48-4695-A226-B6465B90E4EB}.Debug|x86.Build.0 = Debug|Win32
		{6853D5CE-2D48-4695-A226-B6465B90E4EB}.Release|x64.ActiveCfg = Release|x64
		{6853D5CE-2D48-4695-A226-B6465B90E4EB}.Release|x64.Build.0 = Release|x64
		{6853D5CE-2D48-4695-A226-B6465B90E4EB}.Release|x86.ActiveCfg = Release|Win32
		{6853D5CE-2D48-4695-A226-B6465B90E4EB}.Release|x86.Build.0 = Release|Win32
		{C138A514-648F-4A21-995D-E7F0BFCD14B5}.Debug|x64.ActiveCfg = Debug|x64
		{C138A514-648F-4A21-995D-E7F0BFCD14B5}.Debug|x64.Build.0 = Debug|x64
		{C138A514-648F-4A21-995D-E7F0BFCD14B5}.Debug|x86.ActiveCfg = Debug|Win32
		{C138A514-648F-4A21-995D-E7F0BFCD14B5}.Debug|x86.Build.0 = Debug|Win32
		{C138A514-648F-4A21-995D-E7F0BFCD14B5}.Release|x64.ActiveCfg = Release|x64
		{C138A514-648F-4A21-995D-E7F0BFCD14B5}.Release|x64.Build.0 = Release|x64
		{C138A514-648F-4A21-995D-E7F0BFCD14B5}.Release|x86.ActiveCfg = Release|Win32
		{C138A514-648F-4A21-995D-E7F0BFCD14B5}.Release|x86.Build.0 = Release|Win32
		{7CB7B6EC-CD91-4817-9451-2A146988609A}.Debug|x64.ActiveCfg = Debug|x64
		{7CB7B6EC-CD91-4817-9451-2A146988609A}.Debug|x64.Build.0 = Debug|x64
		{7CB7B6EC-CD91-4817-9451-2A146988609A}.Debug|x86.ActiveCfg = Debug|Win32
		{7CB7B6EC-CD91-4817-9451-2A146988609A}.Debug|x86.Build.0 = Debug|Win32
		{7CB7B6EC-CD91-4817-9451-2A146988609A}.Release|x64.ActiveCfg = Release|x64
		{7CB7B6EC-CD91-4817-9451-2A146988609A}.Release|x64.Build.0 = Release|x64
		{7CB7B6EC-CD91-4817-9451-2A146988609A}.Release|x86.ActiveCfg = Release|Win32
		{7CB7B6EC-CD91-4817-9451-2A146988609A}.Release|x86.Build.0 = Release|Win32
		{5A751AE7-716D-49FB-B967-D2D9325B6430}.Debug|x64.ActiveCfg = Debug|x64
		{5A751AE7-716D-49FB-B967-D2D9325B6430}.Debug|x64.Build.0 = Debug|x64
		{5A751AE7-716D-49FB-B967-D2D9325B6430}.Debug|x86.ActiveCfg = Debug|Win32
		{5A751AE7-716D-49FB-B967-D2D9325B6430}.Debug|x86.Build.0 = Debug|Win32
		{5A751AE7-716D-49FB-B967-D2D9325B6430}.Release|x64.ActiveCfg = Release|x64
		{5A751AE7-716D-49FB-B967-D2D9325B6430}.Release|x64.Build.0 = Release|x64
		{5A751AE7-716D-49FB-B967-D2D9325B6430}.Release|x86.ActiveCfg = Release|Win32
		{5A751AE7-716D-49FB-B967-D2D9325B6430}.Release|x86.Build.0 = Release|Win32
		{D1742B4F-86E0-417F-BDF2-BE567EC778C7}.Debug|x64.ActiveCfg = Debug|x64
		{D1742B4F-86E0-417F-BDF2-BE567EC778C7}.Debug|x64.Build.0 = Debug|x64
		{D1742B4F-86E0-417F-BDF2-BE567EC778C7}.Debug|x86.ActiveCfg = Debug|Win32
		{D1742B4F-86E0-417F-BDF2-BE567EC778C7}.Debug|x86.Build.0 = Debug|Win32
		{D1742B4F-86E0-417F-BDF2-BE567EC778C7}.Release|x64.ActiveCfg = Release|x64
		{D1742B4F-86E0-417F-BDF2-BE567EC778C7}.Release|x64.Build.0 = Release|x64
		{D1742B4F-86E0-417F-BDF2-BE567EC778C7}.Release|x86.ActiveCfg = Release|Win32
		{D1742B4F-86E0-417F-BDF2-BE567EC778C7}.Release|x86.Build.0 = Release|Win32
		{D4F1332D-A37D-4B4B-9F8A-458885D5DCAD}.Debug|x64.ActiveCfg = Debug|x64
		{D4F1332D-A37D-4B4B-9F8A-458885D5DCAD}.Debug|x64.Build.0 = Debug|x64
		{D4F1332D-A37D-4B4B-9F8A-458885D5DCAD}.Debug|x86.ActiveCfg = Debug|Win32
		{D4F1332D-A37D-4B4B-9F8A-458885D5DCAD}.Debug|x86.Build.0 = Debug|Win32
		{D4F1332D-A37D-4B4B-9F8A-458885D5DCAD}.Release|x64.ActiveCfg = Release|x64
		{D4F1332D-A37D-4B4B-9F8A-458885D5DCAD}.Release|x64.Build.0 = Release|x64
		{D4F1332D-A37D-4B4B-9F8A-458885D5DCAD}.Release|x86.ActiveCfg = Release|Win32
		{D4F1332D-A37D-4B4B-9F8A-458885D5DCAD}.Release|x86.Build.0 = Release|Win32
		{F9D9673B-ADF2-4A11-8AC8-165FEA20623C}.Debug|x64.ActiveCfg = Debug|x64
		{F9D9673B-ADF2-4A11-8AC8-165FEA20623C}.Debug|x64.Build.0 = Debug|x64
		{F9D9673B-ADF2-4A11-8AC8-165FEA20623C}.Debug|x86.ActiveCfg = Debug|Win32
		{F9D9673B-ADF2-4A11-8AC8-165FEA20623C}.Debug|x86.Build.0 = Debug|Win32
		{F9D9673B-ADF2-4A11-8AC8-165FEA20623C}.Release|x64.ActiveCfg = Release|x64
		{F9D9673B-ADF2-4A11-8AC8-165FEA20623C}.Release|x64.Build.0 = Release|x64
		{F9D9673B-ADF2-4A11-8AC8-165FEA20623C}.Release|x86.ActiveCfg = Release|Win32
		{F9D9673B-ADF2-4A11-8AC8-165FEA20623C}.Release|x86.Build.0 = Release|Win32
		{51728C95-B73E-479A-B00E-E34F322C0BDC}.Debug|x64.ActiveCfg = Debug|x64
		{51728C95-B73E-479A-B00E-E34F322C0BDC}.Debug|x64.Build.0 = Debug|x64
		{51728C95-B73E-479A-B00E-E34F322C0BDC}.Debug|x86.ActiveCfg = Debug|Win32
		{51728C95-B73E-479A-B00E-E34F322C0BDC}.Debug|x86.Build.0 = Debug|Win32
		{51728C95-B73E-479A-B00E-E34F322C0BDC}.Release|x64.ActiveCfg = Release|x64
		{51728C95-B73E-479A-B00E-E34F322C0BDC}.Release|x64.Build.0 = Release|x64
		{51728C95-B73E-479A-B00E-E34F322C0BDC}.Release|x86.ActiveCfg = Release|Win32
		{51728C95-B73E-479A-B00E-E34F322C0BDC}.Release|x86.Build.0 = Release|Win32
		{1F442C71-49F4-4360-A6F3-D64C79E7B7E5}.Debug|x64.ActiveCfg = Debug|x64
		{1F442C71-49F4-4360-A6F3-D64C79E7B7E5}.Debug|x64.Build.0 = Debug|x64
		{1F442C71-49F4-4360-A6F3-D64C79E7B7E5}.Debug|x86.ActiveCfg = Debug|Win32
		{1F442C71-49F4-4360-A6F3-D64C79E7B7E5}.Debug|x86.Build.0 = Debug|Win32
		{1F442C71-49F4-4360-A6F3-D64C79E7B7E5}.Release|x64.ActiveCfg = Release|x64
		{1F442C71-49F4-4360-A6F3-D64C79E7B7E5}.Release|x64.Build.0 = Release|x64
		{1F442C71-49F4-4360-A6F3-D64C79E7B7E5}.Release|x86.ActiveCfg = Release|Win32
		{1F442C71-49F4-4360-A6F3-D64C79E7B7E5}.Release|x86.Build.0 = Release|Win32
		{F21039EE-3B6D-4BD8-A1FF-3FD8FCEDB2F4}.Debug|x64.ActiveCfg = Debug|x64
		{F21039EE-3B6D-4BD8-A1FF-3FD8FCEDB2F4}.Debug|x64.Build.0 = Debug|x64
		{F21039EE-3B6D-4BD8-A1FF-3FD8FCEDB2F4}.Debug|x86.ActiveCfg = Debug|Win32
		{F21039EE-3B6D-4BD8-A1FF-3FD8FCEDB2F4}.Debug|x86.Build.0 = Debug|Win32
		{F21039EE-3B6D-4BD8-A1FF-3FD8FCEDB2F4}.Release|x64.ActiveCfg = Release|x64
		{F21039EE-3B6D-4BD8-A1FF-3FD8FCEDB2F4}.Release|x64.Build.0 = Release|x64
		{F21039EE-3B6D-4BD8-A1FF-3FD8FCEDB2F4}.Release|x86.ActiveCfg = Release|Win32
		{F21039EE-3B6D-4BD8-A1FF-3FD8FCEDB2F4}.Release|x86.Build.0 = Release|Win32
		{0CD9DBA2-33B8-49E3-AEF3-59AC6DDD4469}.Debug|x64.ActiveCfg = Debug|x64
		{0CD9DBA2-33B8-49E3-AEF3-59AC6DDD4469}.Debug|x64.Build.0 = Debug|x64
		{0CD9DBA2-33B8-49E3-AEF3-59AC6DDD4469}.Debug|x86.ActiveCfg = Debug|Win32
		{0CD9DBA2-33B8-49E3-AEF3-59AC6DDD4469}.Debug|x86.Build.0 = Debug|Win32
		{0CD9DBA2-33B8-49E3-AEF3-59AC6DDD4469}.Release|x64.ActiveCfg = Release|x64
		{0CD9DBA2-33B8-49E3-AEF3-59AC6DDD4469}.Release|x64.Build.0 = Release|x64
		{0CD9DBA2-33B8-49E3-AEF3-59AC6DDD4469}.Release|x86.ActiveCfg = Release|Win32
		{0CD9DBA2-33B8-49E3-AEF3-59AC6DDD4469}.Release|x86.Build.0 = Release|Win32
		{F17B048A-46A2-4DCF-9098-DFC279920E9B}.Debug|x64.ActiveCfg = Debug|x64
		{F17B048A-46A2-4DCF-9098-DFC279920E9B}.Debug|x64.Build.0 = Debug|x64
		{F17B048A-46A2-4DCF-9098-DFC279920E9B}.Debug|x86.ActiveCfg = Debug|Win32
		{F17B048A-46A2-4DCF-9098-DFC279920E9B}.Debug|x86.Build.0 = Debug|Win32
		{F17B048A-46A2-4DCF-9098-DFC279920E9B}.Release|x64.ActiveCfg = Release|x64
		{F17B048A-46A2-4DCF-9098-DFC279920E9B}.Release|x64.Build.0 = Release|x64
		{F17B048A-46A2-4DCF-9098-DFC279920E9B}.Release|x86.ActiveCfg = Release|Win32
		{F17B048A-46A2-4DCF-9098-DFC279920E9B}.Release|x86.Build.0 = Release|Win32
		{72786546-B10A-41D0-8AE6-3EA17C0755A1}.Debug|x64.ActiveCfg = Debug|x64
		{72786546-B10A-41D0-8AE6-3EA17C0755A1}.Debug|x64.Build.0 = Debug|x64
		{72786546-B10A-41D0-8AE6-3EA17C0755A1}.Debug|x86.ActiveCfg = Debug|Win32
		{72786546-B10A-41D0-8AE6-3EA17C0755A1}.Debug|x86.Build.0 = Debug|Win32
		{72786546-B10A-41D0-8AE6-3EA17C0755A1}.Release|x64.ActiveCfg = Release|x64
		{72786546-B10A-41D0-8AE6-3EA17C0755A1}.Release|x64.Build.0 = Release|x64
		{72786546-B10A-41D0-8AE6-3EA17C0755A1}.Release|x86.ActiveCfg = Release|Win32
		{72786546-B10A-41D0-8AE6-3EA17C0755A1}.Release|x86.Build.0 = Release|Win32
		{AAB6029E-1F5D-4687-9A05-6CF0E4618B35}.Debug|x64.ActiveCfg = Debug|x64
		{AAB6029E-1F5D-4687-9A05-6CF0E4618B35}.Debug|x64.Build.0 = Debug|x64
		{AAB6029E-1F5D-4687-9A05-6CF0E4618B35}.Debug|x86.ActiveCfg = Debug|Win32
		{AAB6029E-1F5D-4687-9A05-6CF0E4618B35}.Debug|x86.Build.0 = Debug|Win32
		{AAB6029E-1F5D-4687-9A05-6CF0E4618B35}.Release|x64.ActiveCfg = Release|x64
		{AAB6029E-1F5D-4687-9A05-6CF0E4618B35}.Release|x64.Build.0 = Release|x64
		{AAB6029E-1F5D-4687-9A05-6CF0E4618B35}.Release|x86.ActiveCfg = Release|Win32
		{AAB6029E-1F5D-4687-9A05-6CF0E4618B35}.Release|x86.Build.0 = Release|Win32
		{C256237E-F098-47B8-9BEB-7C43A8D75989}.Debug|x64.ActiveCfg = Debug|x64
		{C256237E-F098-47B8-9BEB-7C43A8D75989}.Debug|x64.Build.0 = Debug|x64
		{C256237E-F098-47B8-9BEB-7C43A8D75989}.Debug|x86.ActiveCfg = Debug|Win32
		{C256237E-F098-47B8-9BEB-7C43A8D75989}.Debug|x86.Build.0 = Debug|Win32
		{C256237E-F098-47B8-9BEB-7C43A8D75989}.Release|x64.ActiveCfg = Release|x64
		{C256237E-F098-47B8-9BEB-7C43A8D75989}.Release|x64.Build.0 = Release|x64
		{C256237E-F098-47B8-9BEB-7C43A8D75989}.Release|x86.ActiveCfg = Release|Win32
		{C256237E-F098-47B8-9BEB-7C43A8D75989}.Release|x86.Build.0 = Release|Win32
		{AB6BC431-40F5-4B70-9BA0-96C8BA541DDD}.Debug|x64.ActiveCfg = Debug|x64
		{AB6BC431-40F5-4B70-9BA0-96C8BA541DDD}.Debug|x64.Build.0 = Debug|x64
		{AB6BC431-40F5-4B70-9BA0-96C8BA541DDD}.Debug|x86.ActiveCfg = Debug|Win32
		{AB6BC431-40F5-4B70-9BA0-96C8BA541DDD}.Debug|x86.Build.0 = Debug|Win32
		{AB6BC431-40F5-4B70-9BA0-96C8BA541DDD}.Release|x64.ActiveCfg = Release|x64
		{AB6BC431-40F5-4B70-9BA0-96C8BA541DDD}.Release|x64.Build.0 = Release|x64
		{AB6BC431-40F5-4B70-9BA0-96C8BA541DDD}.Release|x86.ActiveCfg = Release|Win32
		{AB6BC431-40F5-4B70-9BA0-96C8BA541DDD}.Release|x86.Build.0 = Release|Win32
		{BE49E35E-645A-4234-8180-C5D55F5CB63B}.Debug|x64.ActiveCfg = Debug|x64
		{BE49E35E-645A-4234-8180-C5D55F5CB63B}.Debug|x64.Build.0 = Debug|x64
		{BE49E35E-645A-4234-8180-C5D55F5CB63B}.Debug|x86.ActiveCfg = Debug|Win32
		{BE49E35E-645A-4234-8180-C5D55F5CB63B}.Debug|x86.Build.0 = Debug|Win32
		{BE49E35E-645A-4234-8180-C5D55F5CB63B}.Release|x64.ActiveCfg = Release|x64
		{BE49E35E-645A-4234-8180-C5D55F5CB63B}.Release|x64.Build.0 = Release|x64
		{BE49E35E-645A-4234-8180-C5D55F5CB63B}.Release|x86.ActiveCfg = Release|Win32
		{BE49E35E-645A-4234-8180-C5D55F5CB63B}.Release|x86.Build.0 = Release|Win32
		{4669986A-CBA4-47A9-89FC-8B7639645FE4}.Debug|x64.ActiveCfg = Debug|x64
		{4669986A-CBA4-47A9-89FC-8B7639645FE4}.Debug|x64.Build.0 = Debug|x64
		{4669986A-CBA4-47A9-89FC-8B7639645FE4}.Debug|x86.ActiveCfg = Debug|Win32
		{4669986A-CBA4-47A9-89FC-8B7639645FE4}.Debug|x86.Build.0 = Debug|Win32
		{4669986A-CBA4-47A9-89FC-8B7639645FE4}.Release|x64.ActiveCfg = Release|x64
		{4669986A-CBA4-47A9-89FC-8B7639645FE4}.Release|x64.Build.0 = Release|x64
		{4669986A-CBA4-47A9-89FC-8B7639645FE4}.Release|x86.ActiveCfg = Release|Win32
		{4669986A-CBA4-47A9-89FC-8B7639645FE4}.Release|x86.Build.0 = Release|Win32
	EndGlobalSection
	GlobalSection(SolutionProperties) = preSolution
		HideSolutionNode = FALSE
	EndGlobalSection
	GlobalSection(ExtensibilityGlobals) = postSolution
		SolutionGuid = {77FC285F-CE47-4B0A-9FD4-B78340841382}
	EndGlobalSection
EndGlobal
