
Microsoft Visual Studio Solution File, Format Version 12.00
# Visual Studio Version 17
VisualStudioVersion = 17.2.32602.215
MinimumVisualStudioVersion = 10.0.40219.1
Project("{8BC9CEB8-8B4A-11D0-8D11-00A0C91BC942}") = "waiting", "waiting\waiting.vcxproj", "{978EBBD4-3985-467C-BBC4-B8E40B651FA8}"
EndProject
Project("{8BC9CEB8-8B4A-11D0-8D11-00A0C91BC942}") = "dowhile", "dowhile\dowhile.vcxproj", "{197A4994-C65C-4961-82E4-D51D62CC66EF}"
EndProject
Project("{8BC9CEB8-8B4A-11D0-8D11-00A0C91BC942}") = "textin1", "textin1\textin1.vcxproj", "{31BC7723-E22E-42A7-8430-4E98DE0AE29B}"
EndProject
Project("{8BC9CEB8-8B4A-11D0-8D11-00A0C91BC942}") = "textin2", "textin2\textin2.vcxproj", "{4144937B-388C-45C3-9E9E-3CFED8ACFCBD}"
EndProject
Project("{8BC9CEB8-8B4A-11D0-8D11-00A0C91BC942}") = "textin3", "textin3\textin3.vcxproj", "{984A6063-24E3-4514-AEB7-6E1D67407F4D}"
EndProject
Project("{8BC9CEB8-8B4A-11D0-8D11-00A0C91BC942}") = "textin4", "textin4\textin4.vcxproj", "{FEFE5F9E-6CA8-4052-B88A-AA80E03D551A}"
EndProject
Project("{8BC9CEB8-8B4A-11D0-8D11-00A0C91BC942}") = "nested", "nested\nested.vcxproj", "{5A9C0C4C-8580-4496-9085-E1D1F80852BE}"
EndProject
Project("{8BC9CEB8-8B4A-11D0-8D11-00A0C91BC942}") = "pro1", "pro1\pro1.vcxproj", "{7716DC13-2B33-4658-AF2E-8BBFE4D75DBD}"
EndProject
Project("{8BC9CEB8-8B4A-11D0-8D11-00A0C91BC942}") = "pro2", "pro2\pro2.vcxproj", "{F004EEAF-5638-476C-8266-A899A2BCA189}"
EndProject
Project("{8BC9CEB8-8B4A-11D0-8D11-00A0C91BC942}") = "pro3", "pro3\pro3.vcxproj", "{83F842FD-9AC9-4E65-AB05-F6112A1E0C97}"
EndProject
Project("{8BC9CEB8-8B4A-11D0-8D11-00A0C91BC942}") = "pro4", "pro4\pro4.vcxproj", "{004D48E9-C00C-461B-81FE-2006389FDBFC}"
EndProject
Project("{8BC9CEB8-8B4A-11D0-8D11-00A0C91BC942}") = "pro5", "pro5\pro5.vcxproj", "{6E9153B1-B197-4BCB-999E-99E280918DEC}"
EndProject
Project("{8BC9CEB8-8B4A-11D0-8D11-00A0C91BC942}") = "pro6", "pro6\pro6.vcxproj", "{D273306E-8001-4717-BDE3-97A99E008214}"
EndProject
Project("{8BC9CEB8-8B4A-11D0-8D11-00A0C91BC942}") = "pro7", "pro7\pro7.vcxproj", "{9F09261F-C837-4241-9923-E48F9886AD5B}"
EndProject
Project("{8BC9CEB8-8B4A-11D0-8D11-00A0C91BC942}") = "pro8", "pro8\pro8.vcxproj", "{E32FEA1A-A38C-41EC-8183-1E890707613F}"
EndProject
Project("{8BC9CEB8-8B4A-11D0-8D11-00A0C91BC942}") = "pro9", "pro9\pro9.vcxproj", "{1E590803-B168-40CE-8F87-7BD41F69D1CD}"
EndProject
Project("{8BC9CEB8-8B4A-11D0-8D11-00A0C91BC942}") = "pro10", "pro10\pro10.vcxproj", "{7DA41DCD-47A8-4890-A9E8-74149DF095FF}"
EndProject
Global
	GlobalSection(SolutionConfigurationPlatforms) = preSolution
		Debug|x64 = Debug|x64
		Debug|x86 = Debug|x86
		Release|x64 = Release|x64
		Release|x86 = Release|x86
	EndGlobalSection
	GlobalSection(ProjectConfigurationPlatforms) = postSolution
		{978EBBD4-3985-467C-BBC4-B8E40B651FA8}.Debug|x64.ActiveCfg = Debug|x64
		{978EBBD4-3985-467C-BBC4-B8E40B651FA8}.Debug|x64.Build.0 = Debug|x64
		{978EBBD4-3985-467C-BBC4-B8E40B651FA8}.Debug|x86.ActiveCfg = Debug|Win32
		{978EBBD4-3985-467C-BBC4-B8E40B651FA8}.Debug|x86.Build.0 = Debug|Win32
		{978EBBD4-3985-467C-BBC4-B8E40B651FA8}.Release|x64.ActiveCfg = Release|x64
		{978EBBD4-3985-467C-BBC4-B8E40B651FA8}.Release|x64.Build.0 = Release|x64
		{978EBBD4-3985-467C-BBC4-B8E40B651FA8}.Release|x86.ActiveCfg = Release|Win32
		{978EBBD4-3985-467C-BBC4-B8E40B651FA8}.Release|x86.Build.0 = Release|Win32
		{197A4994-C65C-4961-82E4-D51D62CC66EF}.Debug|x64.ActiveCfg = Debug|x64
		{197A4994-C65C-4961-82E4-D51D62CC66EF}.Debug|x64.Build.0 = Debug|x64
		{197A4994-C65C-4961-82E4-D51D62CC66EF}.Debug|x86.ActiveCfg = Debug|Win32
		{197A4994-C65C-4961-82E4-D51D62CC66EF}.Debug|x86.Build.0 = Debug|Win32
		{197A4994-C65C-4961-82E4-D51D62CC66EF}.Release|x64.ActiveCfg = Release|x64
		{197A4994-C65C-4961-82E4-D51D62CC66EF}.Release|x64.Build.0 = Release|x64
		{197A4994-C65C-4961-82E4-D51D62CC66EF}.Release|x86.ActiveCfg = Release|Win32
		{197A4994-C65C-4961-82E4-D51D62CC66EF}.Release|x86.Build.0 = Release|Win32
		{31BC7723-E22E-42A7-8430-4E98DE0AE29B}.Debug|x64.ActiveCfg = Debug|x64
		{31BC7723-E22E-42A7-8430-4E98DE0AE29B}.Debug|x64.Build.0 = Debug|x64
		{31BC7723-E22E-42A7-8430-4E98DE0AE29B}.Debug|x86.ActiveCfg = Debug|Win32
		{31BC7723-E22E-42A7-8430-4E98DE0AE29B}.Debug|x86.Build.0 = Debug|Win32
		{31BC7723-E22E-42A7-8430-4E98DE0AE29B}.Release|x64.ActiveCfg = Release|x64
		{31BC7723-E22E-42A7-8430-4E98DE0AE29B}.Release|x64.Build.0 = Release|x64
		{31BC7723-E22E-42A7-8430-4E98DE0AE29B}.Release|x86.ActiveCfg = Release|Win32
		{31BC7723-E22E-42A7-8430-4E98DE0AE29B}.Release|x86.Build.0 = Release|Win32
		{4144937B-388C-45C3-9E9E-3CFED8ACFCBD}.Debug|x64.ActiveCfg = Debug|x64
		{4144937B-388C-45C3-9E9E-3CFED8ACFCBD}.Debug|x64.Build.0 = Debug|x64
		{4144937B-388C-45C3-9E9E-3CFED8ACFCBD}.Debug|x86.ActiveCfg = Debug|Win32
		{4144937B-388C-45C3-9E9E-3CFED8ACFCBD}.Debug|x86.Build.0 = Debug|Win32
		{4144937B-388C-45C3-9E9E-3CFED8ACFCBD}.Release|x64.ActiveCfg = Release|x64
		{4144937B-388C-45C3-9E9E-3CFED8ACFCBD}.Release|x64.Build.0 = Release|x64
		{4144937B-388C-45C3-9E9E-3CFED8ACFCBD}.Release|x86.ActiveCfg = Release|Win32
		{4144937B-388C-45C3-9E9E-3CFED8ACFCBD}.Release|x86.Build.0 = Release|Win32
		{984A6063-24E3-4514-AEB7-6E1D67407F4D}.Debug|x64.ActiveCfg = Debug|x64
		{984A6063-24E3-4514-AEB7-6E1D67407F4D}.Debug|x64.Build.0 = Debug|x64
		{984A6063-24E3-4514-AEB7-6E1D67407F4D}.Debug|x86.ActiveCfg = Debug|Win32
		{984A6063-24E3-4514-AEB7-6E1D67407F4D}.Debug|x86.Build.0 = Debug|Win32
		{984A6063-24E3-4514-AEB7-6E1D67407F4D}.Release|x64.ActiveCfg = Release|x64
		{984A6063-24E3-4514-AEB7-6E1D67407F4D}.Release|x64.Build.0 = Release|x64
		{984A6063-24E3-4514-AEB7-6E1D67407F4D}.Release|x86.ActiveCfg = Release|Win32
		{984A6063-24E3-4514-AEB7-6E1D67407F4D}.Release|x86.Build.0 = Release|Win32
		{FEFE5F9E-6CA8-4052-B88A-AA80E03D551A}.Debug|x64.ActiveCfg = Debug|x64
		{FEFE5F9E-6CA8-4052-B88A-AA80E03D551A}.Debug|x64.Build.0 = Debug|x64
		{FEFE5F9E-6CA8-4052-B88A-AA80E03D551A}.Debug|x86.ActiveCfg = Debug|Win32
		{FEFE5F9E-6CA8-4052-B88A-AA80E03D551A}.Debug|x86.Build.0 = Debug|Win32
		{FEFE5F9E-6CA8-4052-B88A-AA80E03D551A}.Release|x64.ActiveCfg = Release|x64
		{FEFE5F9E-6CA8-4052-B88A-AA80E03D551A}.Release|x64.Build.0 = Release|x64
		{FEFE5F9E-6CA8-4052-B88A-AA80E03D551A}.Release|x86.ActiveCfg = Release|Win32
		{FEFE5F9E-6CA8-4052-B88A-AA80E03D551A}.Release|x86.Build.0 = Release|Win32
		{5A9C0C4C-8580-4496-9085-E1D1F80852BE}.Debug|x64.ActiveCfg = Debug|x64
		{5A9C0C4C-8580-4496-9085-E1D1F80852BE}.Debug|x64.Build.0 = Debug|x64
		{5A9C0C4C-8580-4496-9085-E1D1F80852BE}.Debug|x86.ActiveCfg = Debug|Win32
		{5A9C0C4C-8580-4496-9085-E1D1F80852BE}.Debug|x86.Build.0 = Debug|Win32
		{5A9C0C4C-8580-4496-9085-E1D1F80852BE}.Release|x64.ActiveCfg = Release|x64
		{5A9C0C4C-8580-4496-9085-E1D1F80852BE}.Release|x64.Build.0 = Release|x64
		{5A9C0C4C-8580-4496-9085-E1D1F80852BE}.Release|x86.ActiveCfg = Release|Win32
		{5A9C0C4C-8580-4496-9085-E1D1F80852BE}.Release|x86.Build.0 = Release|Win32
		{7716DC13-2B33-4658-AF2E-8BBFE4D75DBD}.Debug|x64.ActiveCfg = Debug|x64
		{7716DC13-2B33-4658-AF2E-8BBFE4D75DBD}.Debug|x64.Build.0 = Debug|x64
		{7716DC13-2B33-4658-AF2E-8BBFE4D75DBD}.Debug|x86.ActiveCfg = Debug|Win32
		{7716DC13-2B33-4658-AF2E-8BBFE4D75DBD}.Debug|x86.Build.0 = Debug|Win32
		{7716DC13-2B33-4658-AF2E-8BBFE4D75DBD}.Release|x64.ActiveCfg = Release|x64
		{7716DC13-2B33-4658-AF2E-8BBFE4D75DBD}.Release|x64.Build.0 = Release|x64
		{7716DC13-2B33-4658-AF2E-8BBFE4D75DBD}.Release|x86.ActiveCfg = Release|Win32
		{7716DC13-2B33-4658-AF2E-8BBFE4D75DBD}.Release|x86.Build.0 = Release|Win32
		{F004EEAF-5638-476C-8266-A899A2BCA189}.Debug|x64.ActiveCfg = Debug|x64
		{F004EEAF-5638-476C-8266-A899A2BCA189}.Debug|x64.Build.0 = Debug|x64
		{F004EEAF-5638-476C-8266-A899A2BCA189}.Debug|x86.ActiveCfg = Debug|Win32
		{F004EEAF-5638-476C-8266-A899A2BCA189}.Debug|x86.Build.0 = Debug|Win32
		{F004EEAF-5638-476C-8266-A899A2BCA189}.Release|x64.ActiveCfg = Release|x64
		{F004EEAF-5638-476C-8266-A899A2BCA189}.Release|x64.Build.0 = Release|x64
		{F004EEAF-5638-476C-8266-A899A2BCA189}.Release|x86.ActiveCfg = Release|Win32
		{F004EEAF-5638-476C-8266-A899A2BCA189}.Release|x86.Build.0 = Release|Win32
		{83F842FD-9AC9-4E65-AB05-F6112A1E0C97}.Debug|x64.ActiveCfg = Debug|x64
		{83F842FD-9AC9-4E65-AB05-F6112A1E0C97}.Debug|x64.Build.0 = Debug|x64
		{83F842FD-9AC9-4E65-AB05-F6112A1E0C97}.Debug|x86.ActiveCfg = Debug|Win32
		{83F842FD-9AC9-4E65-AB05-F6112A1E0C97}.Debug|x86.Build.0 = Debug|Win32
		{83F842FD-9AC9-4E65-AB05-F6112A1E0C97}.Release|x64.ActiveCfg = Release|x64
		{83F842FD-9AC9-4E65-AB05-F6112A1E0C97}.Release|x64.Build.0 = Release|x64
		{83F842FD-9AC9-4E65-AB05-F6112A1E0C97}.Release|x86.ActiveCfg = Release|Win32
		{83F842FD-9AC9-4E65-AB05-F6112A1E0C97}.Release|x86.Build.0 = Release|Win32
		{004D48E9-C00C-461B-81FE-2006389FDBFC}.Debug|x64.ActiveCfg = Debug|x64
		{004D48E9-C00C-461B-81FE-2006389FDBFC}.Debug|x64.Build.0 = Debug|x64
		{004D48E9-C00C-461B-81FE-2006389FDBFC}.Debug|x86.ActiveCfg = Debug|Win32
		{004D48E9-C00C-461B-81FE-2006389FDBFC}.Debug|x86.Build.0 = Debug|Win32
		{004D48E9-C00C-461B-81FE-2006389FDBFC}.Release|x64.ActiveCfg = Release|x64
		{004D48E9-C00C-461B-81FE-2006389FDBFC}.Release|x64.Build.0 = Release|x64
		{004D48E9-C00C-461B-81FE-2006389FDBFC}.Release|x86.ActiveCfg = Release|Win32
		{004D48E9-C00C-461B-81FE-2006389FDBFC}.Release|x86.Build.0 = Release|Win32
		{6E9153B1-B197-4BCB-999E-99E280918DEC}.Debug|x64.ActiveCfg = Debug|x64
		{6E9153B1-B197-4BCB-999E-99E280918DEC}.Debug|x64.Build.0 = Debug|x64
		{6E9153B1-B197-4BCB-999E-99E280918DEC}.Debug|x86.ActiveCfg = Debug|Win32
		{6E9153B1-B197-4BCB-999E-99E280918DEC}.Debug|x86.Build.0 = Debug|Win32
		{6E9153B1-B197-4BCB-999E-99E280918DEC}.Release|x64.ActiveCfg = Release|x64
		{6E9153B1-B197-4BCB-999E-99E280918DEC}.Release|x64.Build.0 = Release|x64
		{6E9153B1-B197-4BCB-999E-99E280918DEC}.Release|x86.ActiveCfg = Release|Win32
		{6E9153B1-B197-4BCB-999E-99E280918DEC}.Release|x86.Build.0 = Release|Win32
		{D273306E-8001-4717-BDE3-97A99E008214}.Debug|x64.ActiveCfg = Debug|x64
		{D273306E-8001-4717-BDE3-97A99E008214}.Debug|x64.Build.0 = Debug|x64
		{D273306E-8001-4717-BDE3-97A99E008214}.Debug|x86.ActiveCfg = Debug|Win32
		{D273306E-8001-4717-BDE3-97A99E008214}.Debug|x86.Build.0 = Debug|Win32
		{D273306E-8001-4717-BDE3-97A99E008214}.Release|x64.ActiveCfg = Release|x64
		{D273306E-8001-4717-BDE3-97A99E008214}.Release|x64.Build.0 = Release|x64
		{D273306E-8001-4717-BDE3-97A99E008214}.Release|x86.ActiveCfg = Release|Win32
		{D273306E-8001-4717-BDE3-97A99E008214}.Release|x86.Build.0 = Release|Win32
		{9F09261F-C837-4241-9923-E48F9886AD5B}.Debug|x64.ActiveCfg = Debug|x64
		{9F09261F-C837-4241-9923-E48F9886AD5B}.Debug|x64.Build.0 = Debug|x64
		{9F09261F-C837-4241-9923-E48F9886AD5B}.Debug|x86.ActiveCfg = Debug|Win32
		{9F09261F-C837-4241-9923-E48F9886AD5B}.Debug|x86.Build.0 = Debug|Win32
		{9F09261F-C837-4241-9923-E48F9886AD5B}.Release|x64.ActiveCfg = Release|x64
		{9F09261F-C837-4241-9923-E48F9886AD5B}.Release|x64.Build.0 = Release|x64
		{9F09261F-C837-4241-9923-E48F9886AD5B}.Release|x86.ActiveCfg = Release|Win32
		{9F09261F-C837-4241-9923-E48F9886AD5B}.Release|x86.Build.0 = Release|Win32
		{E32FEA1A-A38C-41EC-8183-1E890707613F}.Debug|x64.ActiveCfg = Debug|x64
		{E32FEA1A-A38C-41EC-8183-1E890707613F}.Debug|x64.Build.0 = Debug|x64
		{E32FEA1A-A38C-41EC-8183-1E890707613F}.Debug|x86.ActiveCfg = Debug|Win32
		{E32FEA1A-A38C-41EC-8183-1E890707613F}.Debug|x86.Build.0 = Debug|Win32
		{E32FEA1A-A38C-41EC-8183-1E890707613F}.Release|x64.ActiveCfg = Release|x64
		{E32FEA1A-A38C-41EC-8183-1E890707613F}.Release|x64.Build.0 = Release|x64
		{E32FEA1A-A38C-41EC-8183-1E890707613F}.Release|x86.ActiveCfg = Release|Win32
		{E32FEA1A-A38C-41EC-8183-1E890707613F}.Release|x86.Build.0 = Release|Win32
		{1E590803-B168-40CE-8F87-7BD41F69D1CD}.Debug|x64.ActiveCfg = Debug|x64
		{1E590803-B168-40CE-8F87-7BD41F69D1CD}.Debug|x64.Build.0 = Debug|x64
		{1E590803-B168-40CE-8F87-7BD41F69D1CD}.Debug|x86.ActiveCfg = Debug|Win32
		{1E590803-B168-40CE-8F87-7BD41F69D1CD}.Debug|x86.Build.0 = Debug|Win32
		{1E590803-B168-40CE-8F87-7BD41F69D1CD}.Release|x64.ActiveCfg = Release|x64
		{1E590803-B168-40CE-8F87-7BD41F69D1CD}.Release|x64.Build.0 = Release|x64
		{1E590803-B168-40CE-8F87-7BD41F69D1CD}.Release|x86.ActiveCfg = Release|Win32
		{1E590803-B168-40CE-8F87-7BD41F69D1CD}.Release|x86.Build.0 = Release|Win32
		{7DA41DCD-47A8-4890-A9E8-74149DF095FF}.Debug|x64.ActiveCfg = Debug|x64
		{7DA41DCD-47A8-4890-A9E8-74149DF095FF}.Debug|x64.Build.0 = Debug|x64
		{7DA41DCD-47A8-4890-A9E8-74149DF095FF}.Debug|x86.ActiveCfg = Debug|Win32
		{7DA41DCD-47A8-4890-A9E8-74149DF095FF}.Debug|x86.Build.0 = Debug|Win32
		{7DA41DCD-47A8-4890-A9E8-74149DF095FF}.Release|x64.ActiveCfg = Release|x64
		{7DA41DCD-47A8-4890-A9E8-74149DF095FF}.Release|x64.Build.0 = Release|x64
		{7DA41DCD-47A8-4890-A9E8-74149DF095FF}.Release|x86.ActiveCfg = Release|Win32
		{7DA41DCD-47A8-4890-A9E8-74149DF095FF}.Release|x86.Build.0 = Release|Win32
	EndGlobalSection
	GlobalSection(SolutionProperties) = preSolution
		HideSolutionNode = FALSE
	EndGlobalSection
	GlobalSection(ExtensibilityGlobals) = postSolution
		SolutionGuid = {D9484A0B-EF13-44CB-A236-9F7AAFB09125}
	EndGlobalSection
EndGlobal
